// !$*UTF8*$!
{
	archiveVersion = 1;
	classes = {
	};
	objectVersion = 50;
	objects = {

/* Begin PBXBuildFile section */
		0F16552D212C266F005137B0 /* Request.swift in Sources */ = {isa = PBXBuildFile; fileRef = 0F16552C212C266F005137B0 /* Request.swift */; };
		0F16552F212C2680005137B0 /* Result.swift in Sources */ = {isa = PBXBuildFile; fileRef = 0F16552E212C2680005137B0 /* Result.swift */; };
		0F165533212C5383005137B0 /* UITableView+ReusableCell.swift in Sources */ = {isa = PBXBuildFile; fileRef = 0F165532212C5383005137B0 /* UITableView+ReusableCell.swift */; };
		0F170540212F50BE00F87958 /* UIViewController+Alert.swift in Sources */ = {isa = PBXBuildFile; fileRef = 0F17053F212F50BE00F87958 /* UIViewController+Alert.swift */; };
		0F170542212F575300F87958 /* ErrorStringConvertible.swift in Sources */ = {isa = PBXBuildFile; fileRef = 0F170541212F575300F87958 /* ErrorStringConvertible.swift */; };
		0F170543212F577900F87958 /* ErrorStringConvertible.swift in Sources */ = {isa = PBXBuildFile; fileRef = 0F170541212F575300F87958 /* ErrorStringConvertible.swift */; };
		0F170545212F57E300F87958 /* NetworkErrorTest.swift in Sources */ = {isa = PBXBuildFile; fileRef = 0F170544212F57E300F87958 /* NetworkErrorTest.swift */; };
		0F170549212FDF3A00F87958 /* UIViewControllerTest.swift in Sources */ = {isa = PBXBuildFile; fileRef = 0F170548212FDF3A00F87958 /* UIViewControllerTest.swift */; };
		0F2027002133DE17009B80CE /* ImageRepository.swift in Sources */ = {isa = PBXBuildFile; fileRef = 0F2026FF2133DE17009B80CE /* ImageRepository.swift */; };
		0F2027022133DFC8009B80CE /* Mutlimedia.swift in Sources */ = {isa = PBXBuildFile; fileRef = 0F2027012133DFC8009B80CE /* Mutlimedia.swift */; };
		0F202707213469A9009B80CE /* Mutlimedia.swift in Sources */ = {isa = PBXBuildFile; fileRef = 0F2027012133DFC8009B80CE /* Mutlimedia.swift */; };
		0F20270B21346EAE009B80CE /* ImageRepositoryMock.swift in Sources */ = {isa = PBXBuildFile; fileRef = 0F20270A21346EAE009B80CE /* ImageRepositoryMock.swift */; };
		0F26DD6321353E9200E50417 /* ImageRepositoryTests.swift in Sources */ = {isa = PBXBuildFile; fileRef = 0F26DD6221353E9200E50417 /* ImageRepositoryTests.swift */; };
		0F26DD6821354B3A00E50417 /* 27arizpolitics7-thumbLarge.jpg in Resources */ = {isa = PBXBuildFile; fileRef = 0F26DD6421354B0500E50417 /* 27arizpolitics7-thumbLarge.jpg */; };
		0F26DD6921354B3D00E50417 /* 28DC-nafta-thumbLarge.jpg in Resources */ = {isa = PBXBuildFile; fileRef = 0F26DD6521354B0500E50417 /* 28DC-nafta-thumbLarge.jpg */; };
		0F26DD6F2136B2C000E50417 /* 28DC-nafta-superJumbo-v2.jpg in Resources */ = {isa = PBXBuildFile; fileRef = 0F26DD6D2136B2BC00E50417 /* 28DC-nafta-superJumbo-v2.jpg */; };
		0F26DD712136B31F00E50417 /* 27arizpolitics7-superJumbo-v2.jpg in Resources */ = {isa = PBXBuildFile; fileRef = 0F26DD702136B31F00E50417 /* 27arizpolitics7-superJumbo-v2.jpg */; };
		0F26DD732136B3D900E50417 /* 28trump-endorsements1-superJumbo.jpg in Resources */ = {isa = PBXBuildFile; fileRef = 0F26DD722136B3D800E50417 /* 28trump-endorsements1-superJumbo.jpg */; };
		0F26DD782136F3B000E50417 /* MainThreadHelper.swift in Sources */ = {isa = PBXBuildFile; fileRef = 0F26DD772136F3B000E50417 /* MainThreadHelper.swift */; };
		0F2BA4EA2139902400920537 /* DisposeBagTest.swift in Sources */ = {isa = PBXBuildFile; fileRef = 0F2BA4E92139902400920537 /* DisposeBagTest.swift */; };
		0F3EA4A4212D7CD60090A69A /* SafariUITest.swift in Sources */ = {isa = PBXBuildFile; fileRef = 0F3EA4A3212D7CD60090A69A /* SafariUITest.swift */; };
		0F3EA4A9212D8F700090A69A /* RequestTest.swift in Sources */ = {isa = PBXBuildFile; fileRef = 0F3EA4A8212D8F700090A69A /* RequestTest.swift */; };
		0F3EA4AB212D95750090A69A /* APIClientTest.swift in Sources */ = {isa = PBXBuildFile; fileRef = 0F3EA4AA212D95750090A69A /* APIClientTest.swift */; };
		0F3EA4AE212D99CD0090A69A /* URLSessionProtocol.swift in Sources */ = {isa = PBXBuildFile; fileRef = 0F3EA4AD212D99CD0090A69A /* URLSessionProtocol.swift */; };
		0F3EA4B0212D9E990090A69A /* URLSessionDataTaskProtocol.swift in Sources */ = {isa = PBXBuildFile; fileRef = 0F3EA4AF212D9E990090A69A /* URLSessionDataTaskProtocol.swift */; };
		0F3EA4BF212DB9500090A69A /* URLSessionDataTaskMock.swift in Sources */ = {isa = PBXBuildFile; fileRef = 0F3EA4B4212DA5080090A69A /* URLSessionDataTaskMock.swift */; };
		0F3EA4C4212DBA0C0090A69A /* URLSessionMock.swift in Sources */ = {isa = PBXBuildFile; fileRef = 0F3EA4B2212DA4D70090A69A /* URLSessionMock.swift */; };
		0F3EA4C7212DBC570090A69A /* URLSessionMock.swift in Sources */ = {isa = PBXBuildFile; fileRef = 0F3EA4B2212DA4D70090A69A /* URLSessionMock.swift */; };
		0F3EA4C8212DBC710090A69A /* URLSessionDataTaskMock.swift in Sources */ = {isa = PBXBuildFile; fileRef = 0F3EA4B4212DA5080090A69A /* URLSessionDataTaskMock.swift */; };
		0F3EA4CB212DBF8C0090A69A /* URLSessionProtocol.swift in Sources */ = {isa = PBXBuildFile; fileRef = 0F3EA4AD212D99CD0090A69A /* URLSessionProtocol.swift */; };
		0F3EA4CC212DBFA10090A69A /* URLSessionDataTaskProtocol.swift in Sources */ = {isa = PBXBuildFile; fileRef = 0F3EA4AF212D9E990090A69A /* URLSessionDataTaskProtocol.swift */; };
		0F3EA4D0212DC1610090A69A /* Parameters.swift in Sources */ = {isa = PBXBuildFile; fileRef = 0F16553E212C98C7005137B0 /* Parameters.swift */; };
		0F3EA4D1212DC1630090A69A /* HTTPMethod.swift in Sources */ = {isa = PBXBuildFile; fileRef = 0F16553C212C98A7005137B0 /* HTTPMethod.swift */; };
		0F3EA4DF212DF1590090A69A /* Identifiable.swift in Sources */ = {isa = PBXBuildFile; fileRef = 0F3EA4DE212DF1590090A69A /* Identifiable.swift */; };
		0F3EA4E0212DF1DD0090A69A /* Identifiable.swift in Sources */ = {isa = PBXBuildFile; fileRef = 0F3EA4DE212DF1590090A69A /* Identifiable.swift */; };
		0F3EA4E2212DF2890090A69A /* UITableViewCell+Identifiable.swift in Sources */ = {isa = PBXBuildFile; fileRef = 0F3EA4E1212DF2890090A69A /* UITableViewCell+Identifiable.swift */; };
		0F3EA4E6212DF3D90090A69A /* CoordinatorStub+Encodable.swift in Sources */ = {isa = PBXBuildFile; fileRef = 0F3EA4E5212DF3D90090A69A /* CoordinatorStub+Encodable.swift */; };
		0F3EA4E7212DF4560090A69A /* CoordinatorStub+Decodable.swift in Sources */ = {isa = PBXBuildFile; fileRef = 0F3EA4E3212DF3C90090A69A /* CoordinatorStub+Decodable.swift */; };
		0F4A204321302360002543B8 /* File.swift in Sources */ = {isa = PBXBuildFile; fileRef = 0F4A204221302360002543B8 /* File.swift */; };
		0F4A204421302372002543B8 /* File.swift in Sources */ = {isa = PBXBuildFile; fileRef = 0F4A204221302360002543B8 /* File.swift */; };
		0F4A204921302B1B002543B8 /* top_stories.json in Resources */ = {isa = PBXBuildFile; fileRef = 0F4A204621302503002543B8 /* top_stories.json */; };
		0F4A204C213030F2002543B8 /* Response.swift in Sources */ = {isa = PBXBuildFile; fileRef = 0F4A204A213030F2002543B8 /* Response.swift */; };
		0F4A204D213030F5002543B8 /* Response.swift in Sources */ = {isa = PBXBuildFile; fileRef = 0F4A204A213030F2002543B8 /* Response.swift */; };
		0F4A205421314B80002543B8 /* TopStoriesTableViewController.storyboard in Resources */ = {isa = PBXBuildFile; fileRef = 0F4A205321314B80002543B8 /* TopStoriesTableViewController.storyboard */; };
		0F4A205821315C54002543B8 /* TopStoriesTableViewCell.swift in Sources */ = {isa = PBXBuildFile; fileRef = 0F4A205721315C54002543B8 /* TopStoriesTableViewCell.swift */; };
		0F4A205A21316107002543B8 /* TopStoriesTableViewCell.xib in Resources */ = {isa = PBXBuildFile; fileRef = 0F4A205921316107002543B8 /* TopStoriesTableViewCell.xib */; };
		0F4A205C213169FF002543B8 /* UIViewController+Identifiable.swift in Sources */ = {isa = PBXBuildFile; fileRef = 0F4A205B213169FF002543B8 /* UIViewController+Identifiable.swift */; };
		0F4A206121316ADD002543B8 /* StoryViewController.storyboard in Resources */ = {isa = PBXBuildFile; fileRef = 0F4A206021316ADD002543B8 /* StoryViewController.storyboard */; };
		0F9EEE63212F4893006056E5 /* Result.swift in Sources */ = {isa = PBXBuildFile; fileRef = 0F16552E212C2680005137B0 /* Result.swift */; };
		0F9EEE65212F4AAA006056E5 /* Observer.swift in Sources */ = {isa = PBXBuildFile; fileRef = 0F9EEE64212F4AAA006056E5 /* Observer.swift */; };
		0F9EEE66212F4F21006056E5 /* NetworkError.swift in Sources */ = {isa = PBXBuildFile; fileRef = 0FD8666F212F471E0033CD13 /* NetworkError.swift */; };
		0FA5F77420A5BA4C009C30B4 /* CoordinatorTest.swift in Sources */ = {isa = PBXBuildFile; fileRef = 0FA5F77320A5BA4C009C30B4 /* CoordinatorTest.swift */; };
		0FA5F77920A5BB5F009C30B4 /* CoordinatorMock.swift in Sources */ = {isa = PBXBuildFile; fileRef = 0FA5F77820A5BB5F009C30B4 /* CoordinatorMock.swift */; };
		0FA5F77B20A5CC96009C30B4 /* StoryRepositoryTest.swift in Sources */ = {isa = PBXBuildFile; fileRef = 0FA5F77A20A5CC96009C30B4 /* StoryRepositoryTest.swift */; };
		0FA5F77E20A5D239009C30B4 /* StoryViewControllerTest.swift in Sources */ = {isa = PBXBuildFile; fileRef = 0FA5F77D20A5D239009C30B4 /* StoryViewControllerTest.swift */; };
		0FA5F78420A5D2F7009C30B4 /* StoryRepositoryMock.swift in Sources */ = {isa = PBXBuildFile; fileRef = 0FA5F78320A5D2F7009C30B4 /* StoryRepositoryMock.swift */; };
		0FA5F78620A5DFA5009C30B4 /* StoryViewModelTest.swift in Sources */ = {isa = PBXBuildFile; fileRef = 0FA5F78520A5DFA5009C30B4 /* StoryViewModelTest.swift */; };
		0FA5F78920A5E71A009C30B4 /* TopStoriesRepositoryMock.swift in Sources */ = {isa = PBXBuildFile; fileRef = 0FA5F78820A5E71A009C30B4 /* TopStoriesRepositoryMock.swift */; };
		0FA5F78B20A5E7CA009C30B4 /* TopStoriesRepositoryTest.swift in Sources */ = {isa = PBXBuildFile; fileRef = 0FA5F78A20A5E7CA009C30B4 /* TopStoriesRepositoryTest.swift */; };
		0FA5F78D20A5E996009C30B4 /* APIClient.swift in Sources */ = {isa = PBXBuildFile; fileRef = 0FA5F78C20A5E996009C30B4 /* APIClient.swift */; };
		0FA5F78F20A5EE5C009C30B4 /* APIClientMock.swift in Sources */ = {isa = PBXBuildFile; fileRef = 0FA5F78E20A5EE5C009C30B4 /* APIClientMock.swift */; };
		0FA5F79320A5F3AB009C30B4 /* TopStoriesTableViewControllerTest.swift in Sources */ = {isa = PBXBuildFile; fileRef = 0FA5F79220A5F3AB009C30B4 /* TopStoriesTableViewControllerTest.swift */; };
		0FA5F79720A5F713009C30B4 /* TopStoriesViewModelTest.swift in Sources */ = {isa = PBXBuildFile; fileRef = 0FA5F79620A5F713009C30B4 /* TopStoriesViewModelTest.swift */; };
		0FA5F79920A8770C009C30B4 /* StoryUITest.swift in Sources */ = {isa = PBXBuildFile; fileRef = 0FA5F79820A8770C009C30B4 /* StoryUITest.swift */; };
		0FA5F7A020A87780009C30B4 /* Encodable+JSON.swift in Sources */ = {isa = PBXBuildFile; fileRef = 0FA5F79F20A87780009C30B4 /* Encodable+JSON.swift */; };
		0FA5F7A220A877CE009C30B4 /* Decodable+JSON.swift in Sources */ = {isa = PBXBuildFile; fileRef = 0FA5F7A120A877CE009C30B4 /* Decodable+JSON.swift */; };
		0FA5F7A520A87827009C30B4 /* CoordinatorStub.swift in Sources */ = {isa = PBXBuildFile; fileRef = 0FA5F7A420A87827009C30B4 /* CoordinatorStub.swift */; };
		0FA5F7A620A87831009C30B4 /* CoordinatorStub.swift in Sources */ = {isa = PBXBuildFile; fileRef = 0FA5F7A420A87827009C30B4 /* CoordinatorStub.swift */; };
		0FA5F7A720A87894009C30B4 /* Story.swift in Sources */ = {isa = PBXBuildFile; fileRef = 0FC64A462096543D00339755 /* Story.swift */; };
		0FA5F7A920A8CBD2009C30B4 /* XCUIApplication+Launch.swift in Sources */ = {isa = PBXBuildFile; fileRef = 0FA5F7A820A8CBD2009C30B4 /* XCUIApplication+Launch.swift */; };
		0FA5F7AB20A8D6AD009C30B4 /* TopStoriesUITest.swift in Sources */ = {isa = PBXBuildFile; fileRef = 0FA5F7AA20A8D6AD009C30B4 /* TopStoriesUITest.swift */; };
		0FA5F7AC20A8DBA8009C30B4 /* TopStories.swift in Sources */ = {isa = PBXBuildFile; fileRef = 0FBB65B820A23FF80090B77F /* TopStories.swift */; };
		0FB7A20F213C6FCB00A2A777 /* SnapshotHelper.swift in Sources */ = {isa = PBXBuildFile; fileRef = 0FB7A20E213C6FCB00A2A777 /* SnapshotHelper.swift */; };
		0FBB65B920A23FF80090B77F /* TopStories.swift in Sources */ = {isa = PBXBuildFile; fileRef = 0FBB65B820A23FF80090B77F /* TopStories.swift */; };
		0FBB65C120A393920090B77F /* StoryViewController.swift in Sources */ = {isa = PBXBuildFile; fileRef = 0FBB65C020A393920090B77F /* StoryViewController.swift */; };
		0FBB65C320A393C20090B77F /* StoryViewModel.swift in Sources */ = {isa = PBXBuildFile; fileRef = 0FBB65C220A393C20090B77F /* StoryViewModel.swift */; };
		0FBB65C520A394E10090B77F /* StoryRepository.swift in Sources */ = {isa = PBXBuildFile; fileRef = 0FBB65C420A394E10090B77F /* StoryRepository.swift */; };
		0FBB65C820A3A6500090B77F /* UIControl+Observable.swift in Sources */ = {isa = PBXBuildFile; fileRef = 0FBB65C720A3A6500090B77F /* UIControl+Observable.swift */; };
		0FC64A3B2095EAB700339755 /* Coordinator.swift in Sources */ = {isa = PBXBuildFile; fileRef = 0FC64A3A2095EAB700339755 /* Coordinator.swift */; };
		0FC64A3D2095EC5000339755 /* TopStoriesTableViewController.swift in Sources */ = {isa = PBXBuildFile; fileRef = 0FC64A3C2095EC5000339755 /* TopStoriesTableViewController.swift */; };
		0FC64A3F2095F5E400339755 /* TopStoriesViewModel.swift in Sources */ = {isa = PBXBuildFile; fileRef = 0FC64A3E2095F5E400339755 /* TopStoriesViewModel.swift */; };
		0FC64A41209623B200339755 /* TopStoriesRepository.swift in Sources */ = {isa = PBXBuildFile; fileRef = 0FC64A40209623B200339755 /* TopStoriesRepository.swift */; };
		0FC64A472096543D00339755 /* Story.swift in Sources */ = {isa = PBXBuildFile; fileRef = 0FC64A462096543D00339755 /* Story.swift */; };
		0FC74198213938CF00E0F254 /* Disposable.swift in Sources */ = {isa = PBXBuildFile; fileRef = 0FC74197213938CF00E0F254 /* Disposable.swift */; };
		0FC7419A213938DA00E0F254 /* DisposeBag.swift in Sources */ = {isa = PBXBuildFile; fileRef = 0FC74199213938DA00E0F254 /* DisposeBag.swift */; };
		0FC741A2213989F500E0F254 /* XCUIElement+Refresh.swift in Sources */ = {isa = PBXBuildFile; fileRef = 0FC741A1213989F500E0F254 /* XCUIElement+Refresh.swift */; };
		0FCE5CD5208A85C1001C8FFC /* AppDelegate.swift in Sources */ = {isa = PBXBuildFile; fileRef = 0FCE5CD4208A85C1001C8FFC /* AppDelegate.swift */; };
		0FCE5CDC208A85C2001C8FFC /* Assets.xcassets in Resources */ = {isa = PBXBuildFile; fileRef = 0FCE5CDB208A85C2001C8FFC /* Assets.xcassets */; };
		0FCE5CDF208A85C2001C8FFC /* LaunchScreen.storyboard in Resources */ = {isa = PBXBuildFile; fileRef = 0FCE5CDD208A85C2001C8FFC /* LaunchScreen.storyboard */; };
		0FD86668212F0C3B0033CD13 /* AppDelegateTest.swift in Sources */ = {isa = PBXBuildFile; fileRef = 0FD86667212F0C3B0033CD13 /* AppDelegateTest.swift */; };
		0FD86670212F471E0033CD13 /* NetworkError.swift in Sources */ = {isa = PBXBuildFile; fileRef = 0FD8666F212F471E0033CD13 /* NetworkError.swift */; };
		0FF77C9F212DF6D80072267A /* Encodable+JSON.swift in Sources */ = {isa = PBXBuildFile; fileRef = 0FA5F79F20A87780009C30B4 /* Encodable+JSON.swift */; };
/* End PBXBuildFile section */

/* Begin PBXContainerItemProxy section */
		0FCE5CE6208A85C2001C8FFC /* PBXContainerItemProxy */ = {
			isa = PBXContainerItemProxy;
			containerPortal = 0FCE5CC9208A85C1001C8FFC /* Project object */;
			proxyType = 1;
			remoteGlobalIDString = 0FCE5CD0208A85C1001C8FFC;
			remoteInfo = SwiftKotlination;
		};
		0FCE5CF1208A85C3001C8FFC /* PBXContainerItemProxy */ = {
			isa = PBXContainerItemProxy;
			containerPortal = 0FCE5CC9208A85C1001C8FFC /* Project object */;
			proxyType = 1;
			remoteGlobalIDString = 0FCE5CD0208A85C1001C8FFC;
			remoteInfo = SwiftKotlination;
		};
/* End PBXContainerItemProxy section */

/* Begin PBXFileReference section */
		0F16552C212C266F005137B0 /* Request.swift */ = {isa = PBXFileReference; lastKnownFileType = sourcecode.swift; path = Request.swift; sourceTree = "<group>"; };
		0F16552E212C2680005137B0 /* Result.swift */ = {isa = PBXFileReference; lastKnownFileType = sourcecode.swift; path = Result.swift; sourceTree = "<group>"; };
		0F165532212C5383005137B0 /* UITableView+ReusableCell.swift */ = {isa = PBXFileReference; lastKnownFileType = sourcecode.swift; path = "UITableView+ReusableCell.swift"; sourceTree = "<group>"; };
		0F16553C212C98A7005137B0 /* HTTPMethod.swift */ = {isa = PBXFileReference; lastKnownFileType = sourcecode.swift; path = HTTPMethod.swift; sourceTree = "<group>"; };
		0F16553E212C98C7005137B0 /* Parameters.swift */ = {isa = PBXFileReference; lastKnownFileType = sourcecode.swift; path = Parameters.swift; sourceTree = "<group>"; };
		0F17053F212F50BE00F87958 /* UIViewController+Alert.swift */ = {isa = PBXFileReference; lastKnownFileType = sourcecode.swift; path = "UIViewController+Alert.swift"; sourceTree = "<group>"; };
		0F170541212F575300F87958 /* ErrorStringConvertible.swift */ = {isa = PBXFileReference; lastKnownFileType = sourcecode.swift; path = ErrorStringConvertible.swift; sourceTree = "<group>"; };
		0F170544212F57E300F87958 /* NetworkErrorTest.swift */ = {isa = PBXFileReference; lastKnownFileType = sourcecode.swift; path = NetworkErrorTest.swift; sourceTree = "<group>"; };
		0F170548212FDF3A00F87958 /* UIViewControllerTest.swift */ = {isa = PBXFileReference; lastKnownFileType = sourcecode.swift; path = UIViewControllerTest.swift; sourceTree = "<group>"; };
		0F2026FF2133DE17009B80CE /* ImageRepository.swift */ = {isa = PBXFileReference; lastKnownFileType = sourcecode.swift; path = ImageRepository.swift; sourceTree = "<group>"; };
		0F2027012133DFC8009B80CE /* Mutlimedia.swift */ = {isa = PBXFileReference; lastKnownFileType = sourcecode.swift; path = Mutlimedia.swift; sourceTree = "<group>"; };
		0F20270A21346EAE009B80CE /* ImageRepositoryMock.swift */ = {isa = PBXFileReference; lastKnownFileType = sourcecode.swift; path = ImageRepositoryMock.swift; sourceTree = "<group>"; };
		0F26DD6221353E9200E50417 /* ImageRepositoryTests.swift */ = {isa = PBXFileReference; lastKnownFileType = sourcecode.swift; path = ImageRepositoryTests.swift; sourceTree = "<group>"; };
		0F26DD6421354B0500E50417 /* 27arizpolitics7-thumbLarge.jpg */ = {isa = PBXFileReference; lastKnownFileType = image.jpeg; path = "27arizpolitics7-thumbLarge.jpg"; sourceTree = "<group>"; };
		0F26DD6521354B0500E50417 /* 28DC-nafta-thumbLarge.jpg */ = {isa = PBXFileReference; lastKnownFileType = image.jpeg; path = "28DC-nafta-thumbLarge.jpg"; sourceTree = "<group>"; };
		0F26DD6D2136B2BC00E50417 /* 28DC-nafta-superJumbo-v2.jpg */ = {isa = PBXFileReference; lastKnownFileType = image.jpeg; path = "28DC-nafta-superJumbo-v2.jpg"; sourceTree = "<group>"; };
		0F26DD702136B31F00E50417 /* 27arizpolitics7-superJumbo-v2.jpg */ = {isa = PBXFileReference; lastKnownFileType = image.jpeg; path = "27arizpolitics7-superJumbo-v2.jpg"; sourceTree = "<group>"; };
		0F26DD722136B3D800E50417 /* 28trump-endorsements1-superJumbo.jpg */ = {isa = PBXFileReference; lastKnownFileType = image.jpeg; path = "28trump-endorsements1-superJumbo.jpg"; sourceTree = "<group>"; };
		0F26DD772136F3B000E50417 /* MainThreadHelper.swift */ = {isa = PBXFileReference; lastKnownFileType = sourcecode.swift; path = MainThreadHelper.swift; sourceTree = "<group>"; };
		0F2BA4E92139902400920537 /* DisposeBagTest.swift */ = {isa = PBXFileReference; lastKnownFileType = sourcecode.swift; path = DisposeBagTest.swift; sourceTree = "<group>"; };
		0F3EA4A3212D7CD60090A69A /* SafariUITest.swift */ = {isa = PBXFileReference; lastKnownFileType = sourcecode.swift; path = SafariUITest.swift; sourceTree = "<group>"; };
		0F3EA4A8212D8F700090A69A /* RequestTest.swift */ = {isa = PBXFileReference; lastKnownFileType = sourcecode.swift; path = RequestTest.swift; sourceTree = "<group>"; };
		0F3EA4AA212D95750090A69A /* APIClientTest.swift */ = {isa = PBXFileReference; lastKnownFileType = sourcecode.swift; path = APIClientTest.swift; sourceTree = "<group>"; };
		0F3EA4AD212D99CD0090A69A /* URLSessionProtocol.swift */ = {isa = PBXFileReference; lastKnownFileType = sourcecode.swift; path = URLSessionProtocol.swift; sourceTree = "<group>"; };
		0F3EA4AF212D9E990090A69A /* URLSessionDataTaskProtocol.swift */ = {isa = PBXFileReference; lastKnownFileType = sourcecode.swift; path = URLSessionDataTaskProtocol.swift; sourceTree = "<group>"; };
		0F3EA4B2212DA4D70090A69A /* URLSessionMock.swift */ = {isa = PBXFileReference; lastKnownFileType = sourcecode.swift; path = URLSessionMock.swift; sourceTree = "<group>"; };
		0F3EA4B4212DA5080090A69A /* URLSessionDataTaskMock.swift */ = {isa = PBXFileReference; lastKnownFileType = sourcecode.swift; path = URLSessionDataTaskMock.swift; sourceTree = "<group>"; };
		0F3EA4DE212DF1590090A69A /* Identifiable.swift */ = {isa = PBXFileReference; lastKnownFileType = sourcecode.swift; path = Identifiable.swift; sourceTree = "<group>"; };
		0F3EA4E1212DF2890090A69A /* UITableViewCell+Identifiable.swift */ = {isa = PBXFileReference; lastKnownFileType = sourcecode.swift; path = "UITableViewCell+Identifiable.swift"; sourceTree = "<group>"; };
		0F3EA4E3212DF3C90090A69A /* CoordinatorStub+Decodable.swift */ = {isa = PBXFileReference; lastKnownFileType = sourcecode.swift; path = "CoordinatorStub+Decodable.swift"; sourceTree = "<group>"; };
		0F3EA4E5212DF3D90090A69A /* CoordinatorStub+Encodable.swift */ = {isa = PBXFileReference; lastKnownFileType = sourcecode.swift; path = "CoordinatorStub+Encodable.swift"; sourceTree = "<group>"; };
		0F4A204221302360002543B8 /* File.swift */ = {isa = PBXFileReference; lastKnownFileType = sourcecode.swift; path = File.swift; sourceTree = "<group>"; };
		0F4A204621302503002543B8 /* top_stories.json */ = {isa = PBXFileReference; lastKnownFileType = text.json; path = top_stories.json; sourceTree = "<group>"; };
		0F4A204A213030F2002543B8 /* Response.swift */ = {isa = PBXFileReference; lastKnownFileType = sourcecode.swift; path = Response.swift; sourceTree = "<group>"; };
		0F4A205321314B80002543B8 /* TopStoriesTableViewController.storyboard */ = {isa = PBXFileReference; lastKnownFileType = file.storyboard; path = TopStoriesTableViewController.storyboard; sourceTree = "<group>"; };
		0F4A205721315C54002543B8 /* TopStoriesTableViewCell.swift */ = {isa = PBXFileReference; lastKnownFileType = sourcecode.swift; path = TopStoriesTableViewCell.swift; sourceTree = "<group>"; };
		0F4A205921316107002543B8 /* TopStoriesTableViewCell.xib */ = {isa = PBXFileReference; lastKnownFileType = file.xib; path = TopStoriesTableViewCell.xib; sourceTree = "<group>"; };
		0F4A205B213169FF002543B8 /* UIViewController+Identifiable.swift */ = {isa = PBXFileReference; lastKnownFileType = sourcecode.swift; path = "UIViewController+Identifiable.swift"; sourceTree = "<group>"; };
		0F4A206021316ADD002543B8 /* StoryViewController.storyboard */ = {isa = PBXFileReference; lastKnownFileType = file.storyboard; path = StoryViewController.storyboard; sourceTree = "<group>"; };
		0F9EEE64212F4AAA006056E5 /* Observer.swift */ = {isa = PBXFileReference; lastKnownFileType = sourcecode.swift; path = Observer.swift; sourceTree = "<group>"; };
		0FA5F77320A5BA4C009C30B4 /* CoordinatorTest.swift */ = {isa = PBXFileReference; lastKnownFileType = sourcecode.swift; path = CoordinatorTest.swift; sourceTree = "<group>"; };
		0FA5F77820A5BB5F009C30B4 /* CoordinatorMock.swift */ = {isa = PBXFileReference; lastKnownFileType = sourcecode.swift; path = CoordinatorMock.swift; sourceTree = "<group>"; };
		0FA5F77A20A5CC96009C30B4 /* StoryRepositoryTest.swift */ = {isa = PBXFileReference; lastKnownFileType = sourcecode.swift; path = StoryRepositoryTest.swift; sourceTree = "<group>"; };
		0FA5F77D20A5D239009C30B4 /* StoryViewControllerTest.swift */ = {isa = PBXFileReference; lastKnownFileType = sourcecode.swift; path = StoryViewControllerTest.swift; sourceTree = "<group>"; };
		0FA5F78320A5D2F7009C30B4 /* StoryRepositoryMock.swift */ = {isa = PBXFileReference; lastKnownFileType = sourcecode.swift; path = StoryRepositoryMock.swift; sourceTree = "<group>"; };
		0FA5F78520A5DFA5009C30B4 /* StoryViewModelTest.swift */ = {isa = PBXFileReference; lastKnownFileType = sourcecode.swift; path = StoryViewModelTest.swift; sourceTree = "<group>"; };
		0FA5F78820A5E71A009C30B4 /* TopStoriesRepositoryMock.swift */ = {isa = PBXFileReference; lastKnownFileType = sourcecode.swift; path = TopStoriesRepositoryMock.swift; sourceTree = "<group>"; };
		0FA5F78A20A5E7CA009C30B4 /* TopStoriesRepositoryTest.swift */ = {isa = PBXFileReference; lastKnownFileType = sourcecode.swift; path = TopStoriesRepositoryTest.swift; sourceTree = "<group>"; };
		0FA5F78C20A5E996009C30B4 /* APIClient.swift */ = {isa = PBXFileReference; lastKnownFileType = sourcecode.swift; path = APIClient.swift; sourceTree = "<group>"; };
		0FA5F78E20A5EE5C009C30B4 /* APIClientMock.swift */ = {isa = PBXFileReference; lastKnownFileType = sourcecode.swift; path = APIClientMock.swift; sourceTree = "<group>"; };
		0FA5F79220A5F3AB009C30B4 /* TopStoriesTableViewControllerTest.swift */ = {isa = PBXFileReference; lastKnownFileType = sourcecode.swift; path = TopStoriesTableViewControllerTest.swift; sourceTree = "<group>"; };
		0FA5F79620A5F713009C30B4 /* TopStoriesViewModelTest.swift */ = {isa = PBXFileReference; lastKnownFileType = sourcecode.swift; path = TopStoriesViewModelTest.swift; sourceTree = "<group>"; };
		0FA5F79820A8770C009C30B4 /* StoryUITest.swift */ = {isa = PBXFileReference; lastKnownFileType = sourcecode.swift; path = StoryUITest.swift; sourceTree = "<group>"; };
		0FA5F79F20A87780009C30B4 /* Encodable+JSON.swift */ = {isa = PBXFileReference; lastKnownFileType = sourcecode.swift; path = "Encodable+JSON.swift"; sourceTree = "<group>"; };
		0FA5F7A120A877CE009C30B4 /* Decodable+JSON.swift */ = {isa = PBXFileReference; lastKnownFileType = sourcecode.swift; path = "Decodable+JSON.swift"; sourceTree = "<group>"; };
		0FA5F7A420A87827009C30B4 /* CoordinatorStub.swift */ = {isa = PBXFileReference; lastKnownFileType = sourcecode.swift; path = CoordinatorStub.swift; sourceTree = "<group>"; };
		0FA5F7A820A8CBD2009C30B4 /* XCUIApplication+Launch.swift */ = {isa = PBXFileReference; lastKnownFileType = sourcecode.swift; path = "XCUIApplication+Launch.swift"; sourceTree = "<group>"; };
		0FA5F7AA20A8D6AD009C30B4 /* TopStoriesUITest.swift */ = {isa = PBXFileReference; lastKnownFileType = sourcecode.swift; path = TopStoriesUITest.swift; sourceTree = "<group>"; };
		0FB7A20E213C6FCB00A2A777 /* SnapshotHelper.swift */ = {isa = PBXFileReference; lastKnownFileType = sourcecode.swift; path = SnapshotHelper.swift; sourceTree = "<group>"; };
		0FBB65B820A23FF80090B77F /* TopStories.swift */ = {isa = PBXFileReference; lastKnownFileType = sourcecode.swift; path = TopStories.swift; sourceTree = "<group>"; };
		0FBB65C020A393920090B77F /* StoryViewController.swift */ = {isa = PBXFileReference; lastKnownFileType = sourcecode.swift; path = StoryViewController.swift; sourceTree = "<group>"; };
		0FBB65C220A393C20090B77F /* StoryViewModel.swift */ = {isa = PBXFileReference; lastKnownFileType = sourcecode.swift; path = StoryViewModel.swift; sourceTree = "<group>"; };
		0FBB65C420A394E10090B77F /* StoryRepository.swift */ = {isa = PBXFileReference; lastKnownFileType = sourcecode.swift; path = StoryRepository.swift; sourceTree = "<group>"; };
		0FBB65C720A3A6500090B77F /* UIControl+Observable.swift */ = {isa = PBXFileReference; lastKnownFileType = sourcecode.swift; path = "UIControl+Observable.swift"; sourceTree = "<group>"; };
		0FC64A3A2095EAB700339755 /* Coordinator.swift */ = {isa = PBXFileReference; lastKnownFileType = sourcecode.swift; path = Coordinator.swift; sourceTree = "<group>"; };
		0FC64A3C2095EC5000339755 /* TopStoriesTableViewController.swift */ = {isa = PBXFileReference; lastKnownFileType = sourcecode.swift; path = TopStoriesTableViewController.swift; sourceTree = "<group>"; };
		0FC64A3E2095F5E400339755 /* TopStoriesViewModel.swift */ = {isa = PBXFileReference; lastKnownFileType = sourcecode.swift; path = TopStoriesViewModel.swift; sourceTree = "<group>"; };
		0FC64A40209623B200339755 /* TopStoriesRepository.swift */ = {isa = PBXFileReference; lastKnownFileType = sourcecode.swift; path = TopStoriesRepository.swift; sourceTree = "<group>"; };
		0FC64A462096543D00339755 /* Story.swift */ = {isa = PBXFileReference; lastKnownFileType = sourcecode.swift; path = Story.swift; sourceTree = "<group>"; };
		0FC74197213938CF00E0F254 /* Disposable.swift */ = {isa = PBXFileReference; lastKnownFileType = sourcecode.swift; path = Disposable.swift; sourceTree = "<group>"; };
		0FC74199213938DA00E0F254 /* DisposeBag.swift */ = {isa = PBXFileReference; lastKnownFileType = sourcecode.swift; path = DisposeBag.swift; sourceTree = "<group>"; };
		0FC741A1213989F500E0F254 /* XCUIElement+Refresh.swift */ = {isa = PBXFileReference; lastKnownFileType = sourcecode.swift; path = "XCUIElement+Refresh.swift"; sourceTree = "<group>"; };
		0FCE5CD1208A85C1001C8FFC /* SwiftKotlination.app */ = {isa = PBXFileReference; explicitFileType = wrapper.application; includeInIndex = 0; path = SwiftKotlination.app; sourceTree = BUILT_PRODUCTS_DIR; };
		0FCE5CD4208A85C1001C8FFC /* AppDelegate.swift */ = {isa = PBXFileReference; lastKnownFileType = sourcecode.swift; path = AppDelegate.swift; sourceTree = "<group>"; };
		0FCE5CDB208A85C2001C8FFC /* Assets.xcassets */ = {isa = PBXFileReference; lastKnownFileType = folder.assetcatalog; path = Assets.xcassets; sourceTree = "<group>"; };
		0FCE5CDE208A85C2001C8FFC /* Base */ = {isa = PBXFileReference; lastKnownFileType = file.storyboard; name = Base; path = Base.lproj/LaunchScreen.storyboard; sourceTree = "<group>"; };
		0FCE5CE0208A85C2001C8FFC /* Info.plist */ = {isa = PBXFileReference; lastKnownFileType = text.plist.xml; path = Info.plist; sourceTree = "<group>"; };
		0FCE5CE5208A85C2001C8FFC /* SwiftKotlinationTests.xctest */ = {isa = PBXFileReference; explicitFileType = wrapper.cfbundle; includeInIndex = 0; path = SwiftKotlinationTests.xctest; sourceTree = BUILT_PRODUCTS_DIR; };
		0FCE5CEB208A85C3001C8FFC /* Info.plist */ = {isa = PBXFileReference; lastKnownFileType = text.plist.xml; path = Info.plist; sourceTree = "<group>"; };
		0FCE5CF0208A85C3001C8FFC /* SwiftKotlinationUITests.xctest */ = {isa = PBXFileReference; explicitFileType = wrapper.cfbundle; includeInIndex = 0; path = SwiftKotlinationUITests.xctest; sourceTree = BUILT_PRODUCTS_DIR; };
		0FCE5CF6208A85C3001C8FFC /* Info.plist */ = {isa = PBXFileReference; lastKnownFileType = text.plist.xml; path = Info.plist; sourceTree = "<group>"; };
		0FD86667212F0C3B0033CD13 /* AppDelegateTest.swift */ = {isa = PBXFileReference; lastKnownFileType = sourcecode.swift; path = AppDelegateTest.swift; sourceTree = "<group>"; };
		0FD8666F212F471E0033CD13 /* NetworkError.swift */ = {isa = PBXFileReference; lastKnownFileType = sourcecode.swift; path = NetworkError.swift; sourceTree = "<group>"; };
/* End PBXFileReference section */

/* Begin PBXFrameworksBuildPhase section */
		0FCE5CCE208A85C1001C8FFC /* Frameworks */ = {
			isa = PBXFrameworksBuildPhase;
			buildActionMask = 2147483647;
			files = (
			);
			runOnlyForDeploymentPostprocessing = 0;
		};
		0FCE5CE2208A85C2001C8FFC /* Frameworks */ = {
			isa = PBXFrameworksBuildPhase;
			buildActionMask = 2147483647;
			files = (
			);
			runOnlyForDeploymentPostprocessing = 0;
		};
		0FCE5CED208A85C3001C8FFC /* Frameworks */ = {
			isa = PBXFrameworksBuildPhase;
			buildActionMask = 2147483647;
			files = (
			);
			runOnlyForDeploymentPostprocessing = 0;
		};
/* End PBXFrameworksBuildPhase section */

/* Begin PBXGroup section */
		0F16552A212C2641005137B0 /* Network */ = {
			isa = PBXGroup;
			children = (
				0FA5F78C20A5E996009C30B4 /* APIClient.swift */,
				0F16552C212C266F005137B0 /* Request.swift */,
				0F16553C212C98A7005137B0 /* HTTPMethod.swift */,
				0F16553E212C98C7005137B0 /* Parameters.swift */,
				0FD8666F212F471E0033CD13 /* NetworkError.swift */,
			);
			path = Network;
			sourceTree = "<group>";
		};
		0F16552B212C264E005137B0 /* Navigation */ = {
			isa = PBXGroup;
			children = (
				0FC64A3A2095EAB700339755 /* Coordinator.swift */,
			);
			path = Navigation;
			sourceTree = "<group>";
		};
		0F170547212FDF2200F87958 /* UIViewController */ = {
			isa = PBXGroup;
			children = (
				0F170548212FDF3A00F87958 /* UIViewControllerTest.swift */,
			);
			path = UIViewController;
			sourceTree = "<group>";
		};
		0F2026EB213343BC009B80CE /* Features */ = {
			isa = PBXGroup;
			children = (
				0F2026EE213343E4009B80CE /* Story */,
				0F2026EC213343C8009B80CE /* TopStories */,
			);
			path = Features;
			sourceTree = "<group>";
		};
		0F2026EC213343C8009B80CE /* TopStories */ = {
			isa = PBXGroup;
			children = (
				0F4A205921316107002543B8 /* TopStoriesTableViewCell.xib */,
				0F4A205321314B80002543B8 /* TopStoriesTableViewController.storyboard */,
			);
			path = TopStories;
			sourceTree = "<group>";
		};
		0F2026EE213343E4009B80CE /* Story */ = {
			isa = PBXGroup;
			children = (
				0F4A206021316ADD002543B8 /* StoryViewController.storyboard */,
			);
			path = Story;
			sourceTree = "<group>";
		};
		0F2026F021334515009B80CE /* Extensions */ = {
			isa = PBXGroup;
			children = (
				0F2026F12133452C009B80CE /* UIControl */,
				0F2026F22133453A009B80CE /* UITableView */,
				0F2026F321334544009B80CE /* UITableViewCell */,
				0F2026F42133454F009B80CE /* UIViewController */,
			);
			path = Extensions;
			sourceTree = "<group>";
		};
		0F2026F12133452C009B80CE /* UIControl */ = {
			isa = PBXGroup;
			children = (
				0FBB65C720A3A6500090B77F /* UIControl+Observable.swift */,
			);
			path = UIControl;
			sourceTree = "<group>";
		};
		0F2026F22133453A009B80CE /* UITableView */ = {
			isa = PBXGroup;
			children = (
				0F165532212C5383005137B0 /* UITableView+ReusableCell.swift */,
			);
			path = UITableView;
			sourceTree = "<group>";
		};
		0F2026F321334544009B80CE /* UITableViewCell */ = {
			isa = PBXGroup;
			children = (
				0F3EA4E1212DF2890090A69A /* UITableViewCell+Identifiable.swift */,
			);
			path = UITableViewCell;
			sourceTree = "<group>";
		};
		0F2026F42133454F009B80CE /* UIViewController */ = {
			isa = PBXGroup;
			children = (
				0F17053F212F50BE00F87958 /* UIViewController+Alert.swift */,
				0F4A205B213169FF002543B8 /* UIViewController+Identifiable.swift */,
			);
			path = UIViewController;
			sourceTree = "<group>";
		};
		0F2026F6213345D9009B80CE /* Extensions */ = {
			isa = PBXGroup;
			children = (
				0F3EA4D9212DC5F80090A69A /* Codable */,
				0F2026F7213345F5009B80CE /* CoordinatorStub */,
				0FA5F79C20A8774F009C30B4 /* XCUIApplication */,
				0FC741A321398AA300E0F254 /* XCUIElement */,
			);
			path = Extensions;
			sourceTree = "<group>";
		};
		0F2026F7213345F5009B80CE /* CoordinatorStub */ = {
			isa = PBXGroup;
			children = (
				0F3EA4E3212DF3C90090A69A /* CoordinatorStub+Decodable.swift */,
				0F3EA4E5212DF3D90090A69A /* CoordinatorStub+Encodable.swift */,
			);
			path = CoordinatorStub;
			sourceTree = "<group>";
		};
		0F2026F821334655009B80CE /* Resources */ = {
			isa = PBXGroup;
			children = (
				0F2026FA2133466A009B80CE /* Features */,
			);
			path = Resources;
			sourceTree = "<group>";
		};
		0F2026FA2133466A009B80CE /* Features */ = {
			isa = PBXGroup;
			children = (
				0FB7A212213D6C2D00A2A777 /* Story */,
				0F2026FB21334672009B80CE /* TopStories */,
			);
			path = Features;
			sourceTree = "<group>";
		};
		0F2026FB21334672009B80CE /* TopStories */ = {
			isa = PBXGroup;
			children = (
				0F4A204621302503002543B8 /* top_stories.json */,
				0F26DD6421354B0500E50417 /* 27arizpolitics7-thumbLarge.jpg */,
				0F26DD702136B31F00E50417 /* 27arizpolitics7-superJumbo-v2.jpg */,
				0F26DD6521354B0500E50417 /* 28DC-nafta-thumbLarge.jpg */,
				0F26DD6D2136B2BC00E50417 /* 28DC-nafta-superJumbo-v2.jpg */,
			);
			path = TopStories;
			sourceTree = "<group>";
		};
		0F2026FD21334816009B80CE /* Protocols */ = {
			isa = PBXGroup;
			children = (
				0F170541212F575300F87958 /* ErrorStringConvertible.swift */,
				0F3EA4DE212DF1590090A69A /* Identifiable.swift */,
			);
			path = Protocols;
			sourceTree = "<group>";
		};
		0F2026FE2133DE03009B80CE /* Model */ = {
			isa = PBXGroup;
			children = (
				0F2026FF2133DE17009B80CE /* ImageRepository.swift */,
				0F2027012133DFC8009B80CE /* Mutlimedia.swift */,
			);
			path = Model;
			sourceTree = "<group>";
		};
		0F20270821346E90009B80CE /* Model */ = {
			isa = PBXGroup;
			children = (
				0F26DD6221353E9200E50417 /* ImageRepositoryTests.swift */,
				0F20270921346E9B009B80CE /* Mocks */,
			);
			path = Model;
			sourceTree = "<group>";
		};
		0F20270921346E9B009B80CE /* Mocks */ = {
			isa = PBXGroup;
			children = (
				0F20270A21346EAE009B80CE /* ImageRepositoryMock.swift */,
			);
			path = Mocks;
			sourceTree = "<group>";
		};
		0F2BA4E82139900800920537 /* Observable */ = {
			isa = PBXGroup;
			children = (
				0F2BA4E92139902400920537 /* DisposeBagTest.swift */,
			);
			path = Observable;
			sourceTree = "<group>";
		};
		0F3EA4A5212D8EC80090A69A /* Navigation */ = {
			isa = PBXGroup;
			children = (
				0FA5F77320A5BA4C009C30B4 /* CoordinatorTest.swift */,
				0FF77CA1212DF8C00072267A /* Mocks */,
			);
			path = Navigation;
			sourceTree = "<group>";
		};
		0F3EA4A6212D8EF10090A69A /* Navigation */ = {
			isa = PBXGroup;
			children = (
				0FF77CA0212DF8210072267A /* Stubs */,
			);
			path = Navigation;
			sourceTree = "<group>";
		};
		0F3EA4A7212D8F5F0090A69A /* Network */ = {
			isa = PBXGroup;
			children = (
				0F3EA4AA212D95750090A69A /* APIClientTest.swift */,
				0F170544212F57E300F87958 /* NetworkErrorTest.swift */,
				0F3EA4A8212D8F700090A69A /* RequestTest.swift */,
				0FA5F77720A5BB30009C30B4 /* Mocks */,
			);
			path = Network;
			sourceTree = "<group>";
		};
		0F3EA4D6212DC5910090A69A /* Network */ = {
			isa = PBXGroup;
			children = (
				0F4A204221302360002543B8 /* File.swift */,
				0F4A204A213030F2002543B8 /* Response.swift */,
				0F3EA4AD212D99CD0090A69A /* URLSessionProtocol.swift */,
				0F3EA4AF212D9E990090A69A /* URLSessionDataTaskProtocol.swift */,
				0FA5F7A320A87816009C30B4 /* Mocks */,
			);
			path = Network;
			sourceTree = "<group>";
		};
		0F3EA4D9212DC5F80090A69A /* Codable */ = {
			isa = PBXGroup;
			children = (
				0FA5F7A120A877CE009C30B4 /* Decodable+JSON.swift */,
				0FA5F79F20A87780009C30B4 /* Encodable+JSON.swift */,
			);
			path = Codable;
			sourceTree = "<group>";
		};
		0FA5F76920A5B998009C30B4 /* Features */ = {
			isa = PBXGroup;
			children = (
				0FA5F76A20A5B9A1009C30B4 /* Story */,
				0FA5F76B20A5B9A6009C30B4 /* TopStories */,
			);
			path = Features;
			sourceTree = "<group>";
		};
		0FA5F76A20A5B9A1009C30B4 /* Story */ = {
			isa = PBXGroup;
			children = (
				0FA5F76C20A5B9B2009C30B4 /* Model */,
				0FA5F76D20A5B9B9009C30B4 /* View */,
				0FA5F76E20A5B9C2009C30B4 /* ViewModel */,
			);
			path = Story;
			sourceTree = "<group>";
		};
		0FA5F76B20A5B9A6009C30B4 /* TopStories */ = {
			isa = PBXGroup;
			children = (
				0FA5F77120A5B9FC009C30B4 /* Model */,
				0FA5F77020A5B9F5009C30B4 /* View */,
				0FA5F76F20A5B9E9009C30B4 /* ViewModel */,
			);
			path = TopStories;
			sourceTree = "<group>";
		};
		0FA5F76C20A5B9B2009C30B4 /* Model */ = {
			isa = PBXGroup;
			children = (
				0FA5F77A20A5CC96009C30B4 /* StoryRepositoryTest.swift */,
				0FA5F78220A5D2ED009C30B4 /* Mocks */,
			);
			path = Model;
			sourceTree = "<group>";
		};
		0FA5F76D20A5B9B9009C30B4 /* View */ = {
			isa = PBXGroup;
			children = (
				0FA5F77D20A5D239009C30B4 /* StoryViewControllerTest.swift */,
			);
			path = View;
			sourceTree = "<group>";
		};
		0FA5F76E20A5B9C2009C30B4 /* ViewModel */ = {
			isa = PBXGroup;
			children = (
				0FA5F78520A5DFA5009C30B4 /* StoryViewModelTest.swift */,
			);
			path = ViewModel;
			sourceTree = "<group>";
		};
		0FA5F76F20A5B9E9009C30B4 /* ViewModel */ = {
			isa = PBXGroup;
			children = (
				0FA5F79620A5F713009C30B4 /* TopStoriesViewModelTest.swift */,
			);
			path = ViewModel;
			sourceTree = "<group>";
		};
		0FA5F77020A5B9F5009C30B4 /* View */ = {
			isa = PBXGroup;
			children = (
				0FA5F79220A5F3AB009C30B4 /* TopStoriesTableViewControllerTest.swift */,
			);
			path = View;
			sourceTree = "<group>";
		};
		0FA5F77120A5B9FC009C30B4 /* Model */ = {
			isa = PBXGroup;
			children = (
				0FA5F78A20A5E7CA009C30B4 /* TopStoriesRepositoryTest.swift */,
				0FA5F78720A5E709009C30B4 /* Mocks */,
			);
			path = Model;
			sourceTree = "<group>";
		};
		0FA5F77220A5BA16009C30B4 /* Sources */ = {
			isa = PBXGroup;
			children = (
				0FD86667212F0C3B0033CD13 /* AppDelegateTest.swift */,
				0FA5F76920A5B998009C30B4 /* Features */,
				0F20270821346E90009B80CE /* Model */,
				0F3EA4A5212D8EC80090A69A /* Navigation */,
				0F3EA4A7212D8F5F0090A69A /* Network */,
				0F2BA4E82139900800920537 /* Observable */,
				0F170547212FDF2200F87958 /* UIViewController */,
			);
			path = Sources;
			sourceTree = "<group>";
		};
		0FA5F77720A5BB30009C30B4 /* Mocks */ = {
			isa = PBXGroup;
			children = (
				0FA5F78E20A5EE5C009C30B4 /* APIClientMock.swift */,
			);
			path = Mocks;
			sourceTree = "<group>";
		};
		0FA5F78220A5D2ED009C30B4 /* Mocks */ = {
			isa = PBXGroup;
			children = (
				0FA5F78320A5D2F7009C30B4 /* StoryRepositoryMock.swift */,
			);
			path = Mocks;
			sourceTree = "<group>";
		};
		0FA5F78720A5E709009C30B4 /* Mocks */ = {
			isa = PBXGroup;
			children = (
				0FA5F78820A5E71A009C30B4 /* TopStoriesRepositoryMock.swift */,
			);
			path = Mocks;
			sourceTree = "<group>";
		};
		0FA5F79A20A87740009C30B4 /* Sources */ = {
			isa = PBXGroup;
			children = (
				0F2026F6213345D9009B80CE /* Extensions */,
				0FA5F79B20A87747009C30B4 /* Features */,
				0FB7A210213C6FD600A2A777 /* Helpers */,
				0F3EA4A6212D8EF10090A69A /* Navigation */,
				0F3EA4D6212DC5910090A69A /* Network */,
				0FF77CA2212DF92D0072267A /* Safari */,
			);
			path = Sources;
			sourceTree = "<group>";
		};
		0FA5F79B20A87747009C30B4 /* Features */ = {
			isa = PBXGroup;
			children = (
				0FA5F79E20A8775E009C30B4 /* Story */,
				0FA5F79D20A87757009C30B4 /* TopStories */,
			);
			path = Features;
			sourceTree = "<group>";
		};
		0FA5F79C20A8774F009C30B4 /* XCUIApplication */ = {
			isa = PBXGroup;
			children = (
				0FA5F7A820A8CBD2009C30B4 /* XCUIApplication+Launch.swift */,
			);
			path = XCUIApplication;
			sourceTree = "<group>";
		};
		0FA5F79D20A87757009C30B4 /* TopStories */ = {
			isa = PBXGroup;
			children = (
				0FA5F7AA20A8D6AD009C30B4 /* TopStoriesUITest.swift */,
			);
			path = TopStories;
			sourceTree = "<group>";
		};
		0FA5F79E20A8775E009C30B4 /* Story */ = {
			isa = PBXGroup;
			children = (
				0FA5F79820A8770C009C30B4 /* StoryUITest.swift */,
			);
			path = Story;
			sourceTree = "<group>";
		};
		0FA5F7A320A87816009C30B4 /* Mocks */ = {
			isa = PBXGroup;
			children = (
				0F3EA4B4212DA5080090A69A /* URLSessionDataTaskMock.swift */,
				0F3EA4B2212DA4D70090A69A /* URLSessionMock.swift */,
			);
			path = Mocks;
			sourceTree = "<group>";
		};
		0FB7A210213C6FD600A2A777 /* Helpers */ = {
			isa = PBXGroup;
			children = (
				0FB7A20E213C6FCB00A2A777 /* SnapshotHelper.swift */,
			);
			path = Helpers;
			sourceTree = "<group>";
		};
		0FB7A211213D6B3E00A2A777 /* Helpers */ = {
			isa = PBXGroup;
			children = (
				0F26DD772136F3B000E50417 /* MainThreadHelper.swift */,
			);
			path = Helpers;
			sourceTree = "<group>";
		};
		0FB7A212213D6C2D00A2A777 /* Story */ = {
			isa = PBXGroup;
			children = (
				0F26DD722136B3D800E50417 /* 28trump-endorsements1-superJumbo.jpg */,
			);
			path = Story;
			sourceTree = "<group>";
		};
		0FBB65BC20A392EE0090B77F /* Story */ = {
			isa = PBXGroup;
			children = (
				0FBB65BF20A393060090B77F /* Model */,
				0FBB65BD20A392F60090B77F /* View */,
				0FBB65BE20A392FE0090B77F /* ViewModel */,
			);
			path = Story;
			sourceTree = "<group>";
		};
		0FBB65BD20A392F60090B77F /* View */ = {
			isa = PBXGroup;
			children = (
				0FBB65C020A393920090B77F /* StoryViewController.swift */,
			);
			path = View;
			sourceTree = "<group>";
		};
		0FBB65BE20A392FE0090B77F /* ViewModel */ = {
			isa = PBXGroup;
			children = (
				0FBB65C220A393C20090B77F /* StoryViewModel.swift */,
			);
			path = ViewModel;
			sourceTree = "<group>";
		};
		0FBB65BF20A393060090B77F /* Model */ = {
			isa = PBXGroup;
			children = (
				0FC64A462096543D00339755 /* Story.swift */,
				0FBB65C420A394E10090B77F /* StoryRepository.swift */,
			);
			path = Model;
			sourceTree = "<group>";
		};
		0FBE92AC209D8FFD00A32D01 /* View */ = {
			isa = PBXGroup;
			children = (
				0F4A205721315C54002543B8 /* TopStoriesTableViewCell.swift */,
				0FC64A3C2095EC5000339755 /* TopStoriesTableViewController.swift */,
			);
			path = View;
			sourceTree = "<group>";
		};
		0FC64A382095D44600339755 /* Sources */ = {
			isa = PBXGroup;
			children = (
				0FCE5CD4208A85C1001C8FFC /* AppDelegate.swift */,
				0F2026F021334515009B80CE /* Extensions */,
				0FCE5D02208A8650001C8FFC /* Features */,
				0FB7A211213D6B3E00A2A777 /* Helpers */,
				0F2026FE2133DE03009B80CE /* Model */,
				0F16552B212C264E005137B0 /* Navigation */,
				0F16552A212C2641005137B0 /* Network */,
				0FD8666E212F46EF0033CD13 /* Observable */,
				0F2026FD21334816009B80CE /* Protocols */,
			);
			path = Sources;
			sourceTree = "<group>";
		};
		0FC64A392095D44F00339755 /* Resources */ = {
			isa = PBXGroup;
			children = (
				0FCE5CDD208A85C2001C8FFC /* LaunchScreen.storyboard */,
				0FCE5CDB208A85C2001C8FFC /* Assets.xcassets */,
				0F2026EB213343BC009B80CE /* Features */,
			);
			path = Resources;
			sourceTree = "<group>";
		};
		0FC64A43209653A700339755 /* ViewModel */ = {
			isa = PBXGroup;
			children = (
				0FC64A3E2095F5E400339755 /* TopStoriesViewModel.swift */,
			);
			path = ViewModel;
			sourceTree = "<group>";
		};
		0FC64A452096542D00339755 /* Model */ = {
			isa = PBXGroup;
			children = (
				0FBB65B820A23FF80090B77F /* TopStories.swift */,
				0FC64A40209623B200339755 /* TopStoriesRepository.swift */,
			);
			path = Model;
			sourceTree = "<group>";
		};
		0FC741A321398AA300E0F254 /* XCUIElement */ = {
			isa = PBXGroup;
			children = (
				0FC741A1213989F500E0F254 /* XCUIElement+Refresh.swift */,
			);
			path = XCUIElement;
			sourceTree = "<group>";
		};
		0FCE5CC8208A85C1001C8FFC = {
			isa = PBXGroup;
			children = (
				0FCE5CD3208A85C1001C8FFC /* SwiftKotlination */,
				0FCE5CE8208A85C2001C8FFC /* SwiftKotlinationTests */,
				0FCE5CF3208A85C3001C8FFC /* SwiftKotlinationUITests */,
				0FCE5CD2208A85C1001C8FFC /* Products */,
			);
			sourceTree = "<group>";
		};
		0FCE5CD2208A85C1001C8FFC /* Products */ = {
			isa = PBXGroup;
			children = (
				0FCE5CD1208A85C1001C8FFC /* SwiftKotlination.app */,
				0FCE5CE5208A85C2001C8FFC /* SwiftKotlinationTests.xctest */,
				0FCE5CF0208A85C3001C8FFC /* SwiftKotlinationUITests.xctest */,
			);
			name = Products;
			sourceTree = "<group>";
		};
		0FCE5CD3208A85C1001C8FFC /* SwiftKotlination */ = {
			isa = PBXGroup;
			children = (
				0FCE5CE0208A85C2001C8FFC /* Info.plist */,
				0FC64A392095D44F00339755 /* Resources */,
				0FC64A382095D44600339755 /* Sources */,
			);
			path = SwiftKotlination;
			sourceTree = "<group>";
		};
		0FCE5CE8208A85C2001C8FFC /* SwiftKotlinationTests */ = {
			isa = PBXGroup;
			children = (
				0FA5F77220A5BA16009C30B4 /* Sources */,
				0FCE5CEB208A85C3001C8FFC /* Info.plist */,
			);
			path = SwiftKotlinationTests;
			sourceTree = "<group>";
		};
		0FCE5CF3208A85C3001C8FFC /* SwiftKotlinationUITests */ = {
			isa = PBXGroup;
			children = (
				0F2026F821334655009B80CE /* Resources */,
				0FA5F79A20A87740009C30B4 /* Sources */,
				0FCE5CF6208A85C3001C8FFC /* Info.plist */,
			);
			path = SwiftKotlinationUITests;
			sourceTree = "<group>";
		};
		0FCE5D02208A8650001C8FFC /* Features */ = {
			isa = PBXGroup;
			children = (
				0FBB65BC20A392EE0090B77F /* Story */,
				0FCE5D03208A8658001C8FFC /* TopStories */,
			);
			path = Features;
			sourceTree = "<group>";
		};
		0FCE5D03208A8658001C8FFC /* TopStories */ = {
			isa = PBXGroup;
			children = (
				0FC64A452096542D00339755 /* Model */,
				0FBE92AC209D8FFD00A32D01 /* View */,
				0FC64A43209653A700339755 /* ViewModel */,
			);
			path = TopStories;
			sourceTree = "<group>";
		};
		0FD8666E212F46EF0033CD13 /* Observable */ = {
			isa = PBXGroup;
			children = (
				0F9EEE64212F4AAA006056E5 /* Observer.swift */,
				0F16552E212C2680005137B0 /* Result.swift */,
				0FC74197213938CF00E0F254 /* Disposable.swift */,
				0FC74199213938DA00E0F254 /* DisposeBag.swift */,
			);
			path = Observable;
			sourceTree = "<group>";
		};
		0FF77CA0212DF8210072267A /* Stubs */ = {
			isa = PBXGroup;
			children = (
				0FA5F7A420A87827009C30B4 /* CoordinatorStub.swift */,
			);
			path = Stubs;
			sourceTree = "<group>";
		};
		0FF77CA1212DF8C00072267A /* Mocks */ = {
			isa = PBXGroup;
			children = (
				0FA5F77820A5BB5F009C30B4 /* CoordinatorMock.swift */,
			);
			path = Mocks;
			sourceTree = "<group>";
		};
		0FF77CA2212DF92D0072267A /* Safari */ = {
			isa = PBXGroup;
			children = (
				0F3EA4A3212D7CD60090A69A /* SafariUITest.swift */,
			);
			path = Safari;
			sourceTree = "<group>";
		};
/* End PBXGroup section */

/* Begin PBXNativeTarget section */
		0FCE5CD0208A85C1001C8FFC /* SwiftKotlination */ = {
			isa = PBXNativeTarget;
			buildConfigurationList = 0FCE5CF9208A85C3001C8FFC /* Build configuration list for PBXNativeTarget "SwiftKotlination" */;
			buildPhases = (
				0FCE5CCD208A85C1001C8FFC /* Sources */,
				0FCE5CCE208A85C1001C8FFC /* Frameworks */,
				0FCE5CCF208A85C1001C8FFC /* Resources */,
			);
			buildRules = (
			);
			dependencies = (
			);
			name = SwiftKotlination;
			productName = SwiftKotlination;
			productReference = 0FCE5CD1208A85C1001C8FFC /* SwiftKotlination.app */;
			productType = "com.apple.product-type.application";
		};
		0FCE5CE4208A85C2001C8FFC /* SwiftKotlinationTests */ = {
			isa = PBXNativeTarget;
			buildConfigurationList = 0FCE5CFC208A85C3001C8FFC /* Build configuration list for PBXNativeTarget "SwiftKotlinationTests" */;
			buildPhases = (
				0FCE5CE1208A85C2001C8FFC /* Sources */,
				0FCE5CE2208A85C2001C8FFC /* Frameworks */,
				0FCE5CE3208A85C2001C8FFC /* Resources */,
			);
			buildRules = (
			);
			dependencies = (
				0FCE5CE7208A85C2001C8FFC /* PBXTargetDependency */,
			);
			name = SwiftKotlinationTests;
			productName = SwiftKotlinationTests;
			productReference = 0FCE5CE5208A85C2001C8FFC /* SwiftKotlinationTests.xctest */;
			productType = "com.apple.product-type.bundle.unit-test";
		};
		0FCE5CEF208A85C3001C8FFC /* SwiftKotlinationUITests */ = {
			isa = PBXNativeTarget;
			buildConfigurationList = 0FCE5CFF208A85C3001C8FFC /* Build configuration list for PBXNativeTarget "SwiftKotlinationUITests" */;
			buildPhases = (
				0FCE5CEC208A85C3001C8FFC /* Sources */,
				0FCE5CED208A85C3001C8FFC /* Frameworks */,
				0FCE5CEE208A85C3001C8FFC /* Resources */,
			);
			buildRules = (
			);
			dependencies = (
				0FCE5CF2208A85C3001C8FFC /* PBXTargetDependency */,
			);
			name = SwiftKotlinationUITests;
			productName = SwiftKotlinationUITests;
			productReference = 0FCE5CF0208A85C3001C8FFC /* SwiftKotlinationUITests.xctest */;
			productType = "com.apple.product-type.bundle.ui-testing";
		};
/* End PBXNativeTarget section */

/* Begin PBXProject section */
		0FCE5CC9208A85C1001C8FFC /* Project object */ = {
			isa = PBXProject;
			attributes = {
				LastSwiftUpdateCheck = 0930;
				LastUpgradeCheck = 0930;
				ORGANIZATIONNAME = jhandguy;
				TargetAttributes = {
					0FCE5CD0208A85C1001C8FFC = {
						CreatedOnToolsVersion = 9.3;
					};
					0FCE5CE4208A85C2001C8FFC = {
						CreatedOnToolsVersion = 9.3;
						LastSwiftMigration = 0930;
						TestTargetID = 0FCE5CD0208A85C1001C8FFC;
					};
					0FCE5CEF208A85C3001C8FFC = {
						CreatedOnToolsVersion = 9.3;
						LastSwiftMigration = 0930;
						TestTargetID = 0FCE5CD0208A85C1001C8FFC;
					};
				};
			};
			buildConfigurationList = 0FCE5CCC208A85C1001C8FFC /* Build configuration list for PBXProject "SwiftKotlination" */;
			compatibilityVersion = "Xcode 9.3";
			developmentRegion = en;
			hasScannedForEncodings = 0;
			knownRegions = (
				en,
				Base,
			);
			mainGroup = 0FCE5CC8208A85C1001C8FFC;
			productRefGroup = 0FCE5CD2208A85C1001C8FFC /* Products */;
			projectDirPath = "";
			projectRoot = "";
			targets = (
				0FCE5CD0208A85C1001C8FFC /* SwiftKotlination */,
				0FCE5CE4208A85C2001C8FFC /* SwiftKotlinationTests */,
				0FCE5CEF208A85C3001C8FFC /* SwiftKotlinationUITests */,
			);
		};
/* End PBXProject section */

/* Begin PBXResourcesBuildPhase section */
		0FCE5CCF208A85C1001C8FFC /* Resources */ = {
			isa = PBXResourcesBuildPhase;
			buildActionMask = 2147483647;
			files = (
				0F26DD6921354B3D00E50417 /* 28DC-nafta-thumbLarge.jpg in Resources */,
				0F4A204921302B1B002543B8 /* top_stories.json in Resources */,
				0F4A206121316ADD002543B8 /* StoryViewController.storyboard in Resources */,
				0F4A205421314B80002543B8 /* TopStoriesTableViewController.storyboard in Resources */,
				0F26DD6821354B3A00E50417 /* 27arizpolitics7-thumbLarge.jpg in Resources */,
				0F26DD712136B31F00E50417 /* 27arizpolitics7-superJumbo-v2.jpg in Resources */,
				0FCE5CDF208A85C2001C8FFC /* LaunchScreen.storyboard in Resources */,
				0F4A205A21316107002543B8 /* TopStoriesTableViewCell.xib in Resources */,
				0FCE5CDC208A85C2001C8FFC /* Assets.xcassets in Resources */,
				0F26DD6F2136B2C000E50417 /* 28DC-nafta-superJumbo-v2.jpg in Resources */,
				0F26DD732136B3D900E50417 /* 28trump-endorsements1-superJumbo.jpg in Resources */,
			);
			runOnlyForDeploymentPostprocessing = 0;
		};
		0FCE5CE3208A85C2001C8FFC /* Resources */ = {
			isa = PBXResourcesBuildPhase;
			buildActionMask = 2147483647;
			files = (
			);
			runOnlyForDeploymentPostprocessing = 0;
		};
		0FCE5CEE208A85C3001C8FFC /* Resources */ = {
			isa = PBXResourcesBuildPhase;
			buildActionMask = 2147483647;
			files = (
			);
			runOnlyForDeploymentPostprocessing = 0;
		};
/* End PBXResourcesBuildPhase section */

/* Begin PBXSourcesBuildPhase section */
		0FCE5CCD208A85C1001C8FFC /* Sources */ = {
			isa = PBXSourcesBuildPhase;
			buildActionMask = 2147483647;
			files = (
				0FC64A41209623B200339755 /* TopStoriesRepository.swift in Sources */,
				0FD86670212F471E0033CD13 /* NetworkError.swift in Sources */,
				0FBB65C820A3A6500090B77F /* UIControl+Observable.swift in Sources */,
				0FC64A3B2095EAB700339755 /* Coordinator.swift in Sources */,
				0FCE5CD5208A85C1001C8FFC /* AppDelegate.swift in Sources */,
				0F165533212C5383005137B0 /* UITableView+ReusableCell.swift in Sources */,
				0F170542212F575300F87958 /* ErrorStringConvertible.swift in Sources */,
				0FC74198213938CF00E0F254 /* Disposable.swift in Sources */,
				0FBB65C520A394E10090B77F /* StoryRepository.swift in Sources */,
				0F16552F212C2680005137B0 /* Result.swift in Sources */,
				0F3EA4D0212DC1610090A69A /* Parameters.swift in Sources */,
				0FBB65C120A393920090B77F /* StoryViewController.swift in Sources */,
				0F4A205821315C54002543B8 /* TopStoriesTableViewCell.swift in Sources */,
				0F4A204421302372002543B8 /* File.swift in Sources */,
				0FC7419A213938DA00E0F254 /* DisposeBag.swift in Sources */,
				0FC64A3D2095EC5000339755 /* TopStoriesTableViewController.swift in Sources */,
				0F3EA4C7212DBC570090A69A /* URLSessionMock.swift in Sources */,
				0F3EA4DF212DF1590090A69A /* Identifiable.swift in Sources */,
				0FC64A3F2095F5E400339755 /* TopStoriesViewModel.swift in Sources */,
				0FC64A472096543D00339755 /* Story.swift in Sources */,
				0FA5F78D20A5E996009C30B4 /* APIClient.swift in Sources */,
				0F3EA4D1212DC1630090A69A /* HTTPMethod.swift in Sources */,
				0F16552D212C266F005137B0 /* Request.swift in Sources */,
				0F3EA4B0212D9E990090A69A /* URLSessionDataTaskProtocol.swift in Sources */,
				0F3EA4E2212DF2890090A69A /* UITableViewCell+Identifiable.swift in Sources */,
				0F9EEE65212F4AAA006056E5 /* Observer.swift in Sources */,
				0F170540212F50BE00F87958 /* UIViewController+Alert.swift in Sources */,
				0F3EA4E7212DF4560090A69A /* CoordinatorStub+Decodable.swift in Sources */,
				0F2027022133DFC8009B80CE /* Mutlimedia.swift in Sources */,
				0F3EA4C8212DBC710090A69A /* URLSessionDataTaskMock.swift in Sources */,
				0F26DD782136F3B000E50417 /* MainThreadHelper.swift in Sources */,
				0F2027002133DE17009B80CE /* ImageRepository.swift in Sources */,
				0FBB65C320A393C20090B77F /* StoryViewModel.swift in Sources */,
				0F3EA4AE212D99CD0090A69A /* URLSessionProtocol.swift in Sources */,
				0F4A205C213169FF002543B8 /* UIViewController+Identifiable.swift in Sources */,
				0FA5F7A620A87831009C30B4 /* CoordinatorStub.swift in Sources */,
				0FA5F7A220A877CE009C30B4 /* Decodable+JSON.swift in Sources */,
				0FBB65B920A23FF80090B77F /* TopStories.swift in Sources */,
				0F4A204D213030F5002543B8 /* Response.swift in Sources */,
			);
			runOnlyForDeploymentPostprocessing = 0;
		};
		0FCE5CE1208A85C2001C8FFC /* Sources */ = {
			isa = PBXSourcesBuildPhase;
			buildActionMask = 2147483647;
			files = (
				0F3EA4AB212D95750090A69A /* APIClientTest.swift in Sources */,
				0FA5F77E20A5D239009C30B4 /* StoryViewControllerTest.swift in Sources */,
				0F170549212FDF3A00F87958 /* UIViewControllerTest.swift in Sources */,
				0F26DD6321353E9200E50417 /* ImageRepositoryTests.swift in Sources */,
				0FA5F79320A5F3AB009C30B4 /* TopStoriesTableViewControllerTest.swift in Sources */,
				0FA5F78620A5DFA5009C30B4 /* StoryViewModelTest.swift in Sources */,
				0F3EA4A9212D8F700090A69A /* RequestTest.swift in Sources */,
				0FA5F77B20A5CC96009C30B4 /* StoryRepositoryTest.swift in Sources */,
				0FF77C9F212DF6D80072267A /* Encodable+JSON.swift in Sources */,
				0FA5F79720A5F713009C30B4 /* TopStoriesViewModelTest.swift in Sources */,
				0F20270B21346EAE009B80CE /* ImageRepositoryMock.swift in Sources */,
				0F170545212F57E300F87958 /* NetworkErrorTest.swift in Sources */,
				0F2BA4EA2139902400920537 /* DisposeBagTest.swift in Sources */,
				0FA5F77420A5BA4C009C30B4 /* CoordinatorTest.swift in Sources */,
				0FA5F78B20A5E7CA009C30B4 /* TopStoriesRepositoryTest.swift in Sources */,
				0FD86668212F0C3B0033CD13 /* AppDelegateTest.swift in Sources */,
				0FA5F77920A5BB5F009C30B4 /* CoordinatorMock.swift in Sources */,
				0FA5F78420A5D2F7009C30B4 /* StoryRepositoryMock.swift in Sources */,
				0FA5F78920A5E71A009C30B4 /* TopStoriesRepositoryMock.swift in Sources */,
				0FA5F78F20A5EE5C009C30B4 /* APIClientMock.swift in Sources */,
			);
			runOnlyForDeploymentPostprocessing = 0;
		};
		0FCE5CEC208A85C3001C8FFC /* Sources */ = {
			isa = PBXSourcesBuildPhase;
			buildActionMask = 2147483647;
			files = (
				0FB7A20F213C6FCB00A2A777 /* SnapshotHelper.swift in Sources */,
				0F9EEE66212F4F21006056E5 /* NetworkError.swift in Sources */,
				0F3EA4C4212DBA0C0090A69A /* URLSessionMock.swift in Sources */,
				0FA5F7A520A87827009C30B4 /* CoordinatorStub.swift in Sources */,
				0F3EA4A4212D7CD60090A69A /* SafariUITest.swift in Sources */,
				0F3EA4CC212DBFA10090A69A /* URLSessionDataTaskProtocol.swift in Sources */,
				0F4A204C213030F2002543B8 /* Response.swift in Sources */,
				0FA5F7AB20A8D6AD009C30B4 /* TopStoriesUITest.swift in Sources */,
				0F9EEE63212F4893006056E5 /* Result.swift in Sources */,
				0F4A204321302360002543B8 /* File.swift in Sources */,
				0F3EA4BF212DB9500090A69A /* URLSessionDataTaskMock.swift in Sources */,
				0FA5F7AC20A8DBA8009C30B4 /* TopStories.swift in Sources */,
				0F3EA4CB212DBF8C0090A69A /* URLSessionProtocol.swift in Sources */,
				0F170543212F577900F87958 /* ErrorStringConvertible.swift in Sources */,
				0FC741A2213989F500E0F254 /* XCUIElement+Refresh.swift in Sources */,
				0FA5F7A020A87780009C30B4 /* Encodable+JSON.swift in Sources */,
				0FA5F7A920A8CBD2009C30B4 /* XCUIApplication+Launch.swift in Sources */,
				0F3EA4E0212DF1DD0090A69A /* Identifiable.swift in Sources */,
				0FA5F79920A8770C009C30B4 /* StoryUITest.swift in Sources */,
				0FA5F7A720A87894009C30B4 /* Story.swift in Sources */,
				0F202707213469A9009B80CE /* Mutlimedia.swift in Sources */,
				0F3EA4E6212DF3D90090A69A /* CoordinatorStub+Encodable.swift in Sources */,
			);
			runOnlyForDeploymentPostprocessing = 0;
		};
/* End PBXSourcesBuildPhase section */

/* Begin PBXTargetDependency section */
		0FCE5CE7208A85C2001C8FFC /* PBXTargetDependency */ = {
			isa = PBXTargetDependency;
			target = 0FCE5CD0208A85C1001C8FFC /* SwiftKotlination */;
			targetProxy = 0FCE5CE6208A85C2001C8FFC /* PBXContainerItemProxy */;
		};
		0FCE5CF2208A85C3001C8FFC /* PBXTargetDependency */ = {
			isa = PBXTargetDependency;
			target = 0FCE5CD0208A85C1001C8FFC /* SwiftKotlination */;
			targetProxy = 0FCE5CF1208A85C3001C8FFC /* PBXContainerItemProxy */;
		};
/* End PBXTargetDependency section */

/* Begin PBXVariantGroup section */
		0FCE5CDD208A85C2001C8FFC /* LaunchScreen.storyboard */ = {
			isa = PBXVariantGroup;
			children = (
				0FCE5CDE208A85C2001C8FFC /* Base */,
			);
			name = LaunchScreen.storyboard;
			sourceTree = "<group>";
		};
/* End PBXVariantGroup section */

/* Begin XCBuildConfiguration section */
		0FCE5CF7208A85C3001C8FFC /* Debug */ = {
			isa = XCBuildConfiguration;
			buildSettings = {
				ALWAYS_SEARCH_USER_PATHS = NO;
				CLANG_ANALYZER_NONNULL = YES;
				CLANG_ANALYZER_NUMBER_OBJECT_CONVERSION = YES_AGGRESSIVE;
				CLANG_CXX_LANGUAGE_STANDARD = "gnu++14";
				CLANG_CXX_LIBRARY = "libc++";
				CLANG_ENABLE_MODULES = YES;
				CLANG_ENABLE_OBJC_ARC = YES;
				CLANG_ENABLE_OBJC_WEAK = YES;
				CLANG_WARN_BLOCK_CAPTURE_AUTORELEASING = YES;
				CLANG_WARN_BOOL_CONVERSION = YES;
				CLANG_WARN_COMMA = YES;
				CLANG_WARN_CONSTANT_CONVERSION = YES;
				CLANG_WARN_DEPRECATED_OBJC_IMPLEMENTATIONS = YES;
				CLANG_WARN_DIRECT_OBJC_ISA_USAGE = YES_ERROR;
				CLANG_WARN_DOCUMENTATION_COMMENTS = YES;
				CLANG_WARN_EMPTY_BODY = YES;
				CLANG_WARN_ENUM_CONVERSION = YES;
				CLANG_WARN_INFINITE_RECURSION = YES;
				CLANG_WARN_INT_CONVERSION = YES;
				CLANG_WARN_NON_LITERAL_NULL_CONVERSION = YES;
				CLANG_WARN_OBJC_IMPLICIT_RETAIN_SELF = YES;
				CLANG_WARN_OBJC_LITERAL_CONVERSION = YES;
				CLANG_WARN_OBJC_ROOT_CLASS = YES_ERROR;
				CLANG_WARN_RANGE_LOOP_ANALYSIS = YES;
				CLANG_WARN_STRICT_PROTOTYPES = YES;
				CLANG_WARN_SUSPICIOUS_MOVE = YES;
				CLANG_WARN_UNGUARDED_AVAILABILITY = YES_AGGRESSIVE;
				CLANG_WARN_UNREACHABLE_CODE = YES;
				CLANG_WARN__DUPLICATE_METHOD_MATCH = YES;
				CODE_SIGN_IDENTITY = "iPhone Developer";
				COPY_PHASE_STRIP = NO;
				DEBUG_INFORMATION_FORMAT = dwarf;
				ENABLE_STRICT_OBJC_MSGSEND = YES;
				ENABLE_TESTABILITY = YES;
				GCC_C_LANGUAGE_STANDARD = gnu11;
				GCC_DYNAMIC_NO_PIC = NO;
				GCC_NO_COMMON_BLOCKS = YES;
				GCC_OPTIMIZATION_LEVEL = 0;
				GCC_PREPROCESSOR_DEFINITIONS = (
					"DEBUG=1",
					"$(inherited)",
				);
				GCC_WARN_64_TO_32_BIT_CONVERSION = YES;
				GCC_WARN_ABOUT_RETURN_TYPE = YES_ERROR;
				GCC_WARN_UNDECLARED_SELECTOR = YES;
				GCC_WARN_UNINITIALIZED_AUTOS = YES_AGGRESSIVE;
				GCC_WARN_UNUSED_FUNCTION = YES;
				GCC_WARN_UNUSED_VARIABLE = YES;
				IPHONEOS_DEPLOYMENT_TARGET = 11.3;
				MTL_ENABLE_DEBUG_INFO = YES;
				ONLY_ACTIVE_ARCH = YES;
				SDKROOT = iphoneos;
				SWIFT_ACTIVE_COMPILATION_CONDITIONS = DEBUG;
				SWIFT_OPTIMIZATION_LEVEL = "-Onone";
			};
			name = Debug;
		};
		0FCE5CF8208A85C3001C8FFC /* Release */ = {
			isa = XCBuildConfiguration;
			buildSettings = {
				ALWAYS_SEARCH_USER_PATHS = NO;
				CLANG_ANALYZER_NONNULL = YES;
				CLANG_ANALYZER_NUMBER_OBJECT_CONVERSION = YES_AGGRESSIVE;
				CLANG_CXX_LANGUAGE_STANDARD = "gnu++14";
				CLANG_CXX_LIBRARY = "libc++";
				CLANG_ENABLE_MODULES = YES;
				CLANG_ENABLE_OBJC_ARC = YES;
				CLANG_ENABLE_OBJC_WEAK = YES;
				CLANG_WARN_BLOCK_CAPTURE_AUTORELEASING = YES;
				CLANG_WARN_BOOL_CONVERSION = YES;
				CLANG_WARN_COMMA = YES;
				CLANG_WARN_CONSTANT_CONVERSION = YES;
				CLANG_WARN_DEPRECATED_OBJC_IMPLEMENTATIONS = YES;
				CLANG_WARN_DIRECT_OBJC_ISA_USAGE = YES_ERROR;
				CLANG_WARN_DOCUMENTATION_COMMENTS = YES;
				CLANG_WARN_EMPTY_BODY = YES;
				CLANG_WARN_ENUM_CONVERSION = YES;
				CLANG_WARN_INFINITE_RECURSION = YES;
				CLANG_WARN_INT_CONVERSION = YES;
				CLANG_WARN_NON_LITERAL_NULL_CONVERSION = YES;
				CLANG_WARN_OBJC_IMPLICIT_RETAIN_SELF = YES;
				CLANG_WARN_OBJC_LITERAL_CONVERSION = YES;
				CLANG_WARN_OBJC_ROOT_CLASS = YES_ERROR;
				CLANG_WARN_RANGE_LOOP_ANALYSIS = YES;
				CLANG_WARN_STRICT_PROTOTYPES = YES;
				CLANG_WARN_SUSPICIOUS_MOVE = YES;
				CLANG_WARN_UNGUARDED_AVAILABILITY = YES_AGGRESSIVE;
				CLANG_WARN_UNREACHABLE_CODE = YES;
				CLANG_WARN__DUPLICATE_METHOD_MATCH = YES;
				CODE_SIGN_IDENTITY = "iPhone Developer";
				COPY_PHASE_STRIP = NO;
				DEBUG_INFORMATION_FORMAT = "dwarf-with-dsym";
				ENABLE_NS_ASSERTIONS = NO;
				ENABLE_STRICT_OBJC_MSGSEND = YES;
				GCC_C_LANGUAGE_STANDARD = gnu11;
				GCC_NO_COMMON_BLOCKS = YES;
				GCC_WARN_64_TO_32_BIT_CONVERSION = YES;
				GCC_WARN_ABOUT_RETURN_TYPE = YES_ERROR;
				GCC_WARN_UNDECLARED_SELECTOR = YES;
				GCC_WARN_UNINITIALIZED_AUTOS = YES_AGGRESSIVE;
				GCC_WARN_UNUSED_FUNCTION = YES;
				GCC_WARN_UNUSED_VARIABLE = YES;
				IPHONEOS_DEPLOYMENT_TARGET = 11.3;
				MTL_ENABLE_DEBUG_INFO = NO;
				SDKROOT = iphoneos;
				SWIFT_COMPILATION_MODE = wholemodule;
				SWIFT_OPTIMIZATION_LEVEL = "-O";
				VALIDATE_PRODUCT = YES;
			};
			name = Release;
		};
		0FCE5CFA208A85C3001C8FFC /* Debug */ = {
			isa = XCBuildConfiguration;
			buildSettings = {
				ASSETCATALOG_COMPILER_APPICON_NAME = AppIcon;
				CODE_SIGN_STYLE = Automatic;
				FRAMEWORK_SEARCH_PATHS = "$(inherited)";
				INFOPLIST_FILE = SwiftKotlination/Info.plist;
				LD_RUNPATH_SEARCH_PATHS = (
					"$(inherited)",
					"@executable_path/Frameworks",
				);
				PRODUCT_BUNDLE_IDENTIFIER = fr.jhandguy.SwiftKotlination;
				PRODUCT_NAME = "$(TARGET_NAME)";
				SWIFT_VERSION = 4.0;
				TARGETED_DEVICE_FAMILY = 1;
			};
			name = Debug;
		};
		0FCE5CFB208A85C3001C8FFC /* Release */ = {
			isa = XCBuildConfiguration;
			buildSettings = {
				ASSETCATALOG_COMPILER_APPICON_NAME = AppIcon;
				CODE_SIGN_STYLE = Automatic;
				FRAMEWORK_SEARCH_PATHS = "$(inherited)";
				INFOPLIST_FILE = SwiftKotlination/Info.plist;
				LD_RUNPATH_SEARCH_PATHS = (
					"$(inherited)",
					"@executable_path/Frameworks",
				);
				PRODUCT_BUNDLE_IDENTIFIER = fr.jhandguy.SwiftKotlination;
				PRODUCT_NAME = "$(TARGET_NAME)";
				SWIFT_VERSION = 4.0;
				TARGETED_DEVICE_FAMILY = 1;
			};
			name = Release;
		};
		0FCE5CFD208A85C3001C8FFC /* Debug */ = {
			isa = XCBuildConfiguration;
			buildSettings = {
				ALWAYS_EMBED_SWIFT_STANDARD_LIBRARIES = YES;
				BUNDLE_LOADER = "$(TEST_HOST)";
				CLANG_ENABLE_MODULES = YES;
				CODE_SIGN_STYLE = Automatic;
				FRAMEWORK_SEARCH_PATHS = "$(inherited)";
				INFOPLIST_FILE = SwiftKotlinationTests/Info.plist;
				LD_RUNPATH_SEARCH_PATHS = (
					"$(inherited)",
					"@executable_path/Frameworks",
					"@loader_path/Frameworks",
				);
				PRODUCT_BUNDLE_IDENTIFIER = fr.jhandguy.SwiftKotlinationTests;
				PRODUCT_NAME = "$(TARGET_NAME)";
				SWIFT_OPTIMIZATION_LEVEL = "-Onone";
				SWIFT_VERSION = 4.0;
				TARGETED_DEVICE_FAMILY = "1,2";
				TEST_HOST = "$(BUILT_PRODUCTS_DIR)/SwiftKotlination.app/SwiftKotlination";
			};
			name = Debug;
		};
		0FCE5CFE208A85C3001C8FFC /* Release */ = {
			isa = XCBuildConfiguration;
			buildSettings = {
				ALWAYS_EMBED_SWIFT_STANDARD_LIBRARIES = YES;
				BUNDLE_LOADER = "$(TEST_HOST)";
				CLANG_ENABLE_MODULES = YES;
				CODE_SIGN_STYLE = Automatic;
				FRAMEWORK_SEARCH_PATHS = "$(inherited)";
				INFOPLIST_FILE = SwiftKotlinationTests/Info.plist;
				LD_RUNPATH_SEARCH_PATHS = (
					"$(inherited)",
					"@executable_path/Frameworks",
					"@loader_path/Frameworks",
				);
				PRODUCT_BUNDLE_IDENTIFIER = fr.jhandguy.SwiftKotlinationTests;
				PRODUCT_NAME = "$(TARGET_NAME)";
				SWIFT_VERSION = 4.0;
				TARGETED_DEVICE_FAMILY = "1,2";
				TEST_HOST = "$(BUILT_PRODUCTS_DIR)/SwiftKotlination.app/SwiftKotlination";
			};
			name = Release;
		};
		0FCE5D00208A85C3001C8FFC /* Debug */ = {
			isa = XCBuildConfiguration;
			buildSettings = {
				ALWAYS_EMBED_SWIFT_STANDARD_LIBRARIES = YES;
				CLANG_ENABLE_MODULES = YES;
				CODE_SIGN_STYLE = Automatic;
				FRAMEWORK_SEARCH_PATHS = "$(inherited)";
				INFOPLIST_FILE = SwiftKotlinationUITests/Info.plist;
				LD_RUNPATH_SEARCH_PATHS = (
					"$(inherited)",
					"@executable_path/Frameworks",
					"@loader_path/Frameworks",
				);
				PRODUCT_BUNDLE_IDENTIFIER = fr.jhandguy.SwiftKotlinationUITests;
				PRODUCT_NAME = "$(TARGET_NAME)";
				SWIFT_OPTIMIZATION_LEVEL = "-Onone";
				SWIFT_VERSION = 4.0;
				TARGETED_DEVICE_FAMILY = "1,2";
				TEST_TARGET_NAME = SwiftKotlination;
			};
			name = Debug;
		};
		0FCE5D01208A85C3001C8FFC /* Release */ = {
			isa = XCBuildConfiguration;
			buildSettings = {
				ALWAYS_EMBED_SWIFT_STANDARD_LIBRARIES = YES;
				CLANG_ENABLE_MODULES = YES;
				CODE_SIGN_STYLE = Automatic;
				FRAMEWORK_SEARCH_PATHS = "$(inherited)";
				INFOPLIST_FILE = SwiftKotlinationUITests/Info.plist;
				LD_RUNPATH_SEARCH_PATHS = (
					"$(inherited)",
					"@executable_path/Frameworks",
					"@loader_path/Frameworks",
				);
				PRODUCT_BUNDLE_IDENTIFIER = fr.jhandguy.SwiftKotlinationUITests;
				PRODUCT_NAME = "$(TARGET_NAME)";
				SWIFT_VERSION = 4.0;
				TARGETED_DEVICE_FAMILY = "1,2";
				TEST_TARGET_NAME = SwiftKotlination;
			};
			name = Release;
		};
/* End XCBuildConfiguration section */

/* Begin XCConfigurationList section */
		0FCE5CCC208A85C1001C8FFC /* Build configuration list for PBXProject "SwiftKotlination" */ = {
			isa = XCConfigurationList;
			buildConfigurations = (
				0FCE5CF7208A85C3001C8FFC /* Debug */,
				0FCE5CF8208A85C3001C8FFC /* Release */,
			);
			defaultConfigurationIsVisible = 0;
			defaultConfigurationName = Release;
		};
		0FCE5CF9208A85C3001C8FFC /* Build configuration list for PBXNativeTarget "SwiftKotlination" */ = {
			isa = XCConfigurationList;
			buildConfigurations = (
				0FCE5CFA208A85C3001C8FFC /* Debug */,
				0FCE5CFB208A85C3001C8FFC /* Release */,
			);
			defaultConfigurationIsVisible = 0;
			defaultConfigurationName = Release;
		};
		0FCE5CFC208A85C3001C8FFC /* Build configuration list for PBXNativeTarget "SwiftKotlinationTests" */ = {
			isa = XCConfigurationList;
			buildConfigurations = (
				0FCE5CFD208A85C3001C8FFC /* Debug */,
				0FCE5CFE208A85C3001C8FFC /* Release */,
			);
			defaultConfigurationIsVisible = 0;
			defaultConfigurationName = Release;
		};
		0FCE5CFF208A85C3001C8FFC /* Build configuration list for PBXNativeTarget "SwiftKotlinationUITests" */ = {
			isa = XCConfigurationList;
			buildConfigurations = (
				0FCE5D00208A85C3001C8FFC /* Debug */,
				0FCE5D01208A85C3001C8FFC /* Release */,
			);
			defaultConfigurationIsVisible = 0;
			defaultConfigurationName = Release;
		};
/* End XCConfigurationList section */
	};
	rootObject = 0FCE5CC9208A85C1001C8FFC /* Project object */;
}
