<?xml version="1.0" encoding="UTF-8"?>
<Scheme
   LastUpgradeVersion = "0930"
   version = "1.3">
   <BuildAction
      parallelizeBuildables = "NO"
      buildImplicitDependencies = "YES">
      <BuildActionEntries>
         <BuildActionEntry
            buildForTesting = "YES"
            buildForRunning = "YES"
            buildForProfiling = "YES"
            buildForArchiving = "YES"
            buildForAnalyzing = "YES">
            <BuildableReference
               BuildableIdentifier = "primary"
               BlueprintIdentifier = "0FCE5CD0208A85C1001C8FFC"
               BuildableName = "SwiftKotlination.app"
               BlueprintName = "SwiftKotlination"
               ReferencedContainer = "container:SwiftKotlination.xcodeproj">
            </BuildableReference>
         </BuildActionEntry>
         <BuildActionEntry
            buildForTesting = "YES"
            buildForRunning = "NO"
            buildForProfiling = "NO"
            buildForArchiving = "NO"
            buildForAnalyzing = "NO">
            <BuildableReference
               BuildableIdentifier = "primary"
               BlueprintIdentifier = "95FDD21023AE42C6004E3DED"
               BuildableName = "ExtensionKitTests.xctest"
               BlueprintName = "ExtensionKitTests"
               ReferencedContainer = "container:../ExtensionKit/ExtensionKit.xcodeproj">
            </BuildableReference>
         </BuildActionEntry>
      </BuildActionEntries>
   </BuildAction>
   <TestAction
      buildConfiguration = "Debug"
      selectedDebuggerIdentifier = "Xcode.DebuggerFoundation.Debugger.LLDB"
      selectedLauncherIdentifier = "Xcode.DebuggerFoundation.Launcher.LLDB"
      shouldUseLaunchSchemeArgsEnv = "YES"
      codeCoverageEnabled = "YES">
      <MacroExpansion>
         <BuildableReference
            BuildableIdentifier = "primary"
            BlueprintIdentifier = "0FCE5CD0208A85C1001C8FFC"
            BuildableName = "SwiftKotlination.app"
            BlueprintName = "SwiftKotlination"
            ReferencedContainer = "container:SwiftKotlination.xcodeproj">
         </BuildableReference>
      </MacroExpansion>
      <CodeCoverageTargets>
         <BuildableReference
            BuildableIdentifier = "primary"
            BlueprintIdentifier = "0FCE5CD0208A85C1001C8FFC"
            BuildableName = "SwiftKotlination.app"
            BlueprintName = "SwiftKotlination"
            ReferencedContainer = "container:SwiftKotlination.xcodeproj">
         </BuildableReference>
      </CodeCoverageTargets>
      <Testables>
         <TestableReference
            skipped = "NO"
            testExecutionOrdering = "random">
            <BuildableReference
               BuildableIdentifier = "primary"
               BlueprintIdentifier = "95FDD21023AE42C6004E3DED"
               BuildableName = "ExtensionKitTests.xctest"
               BlueprintName = "ExtensionKitTests"
               ReferencedContainer = "container:../../Modules/ExtensionKit/ExtensionKit.xcodeproj">
            </BuildableReference>
         </TestableReference>
         <TestableReference
            skipped = "NO"
            testExecutionOrdering = "random">
            <BuildableReference
               BuildableIdentifier = "primary"
               BlueprintIdentifier = "95FA4F6623ABEF2F0086D7AD"
               BuildableName = "ImageKitTests.xctest"
               BlueprintName = "ImageKitTests"
               ReferencedContainer = "container:../../Modules/ImageKit/ImageKit.xcodeproj">
            </BuildableReference>
         </TestableReference>
         <TestableReference
            skipped = "NO"
            testExecutionOrdering = "random">
            <BuildableReference
               BuildableIdentifier = "primary"
               BlueprintIdentifier = "95262DE02355A960002FE48F"
               BuildableName = "NetworkKitTests.xctest"
               BlueprintName = "NetworkKitTests"
               ReferencedContainer = "container:../../Modules/NetworkKit/NetworkKit.xcodeproj">
            </BuildableReference>
         </TestableReference>
         <TestableReference
            skipped = "NO"
            testExecutionOrdering = "random">
            <BuildableReference
               BuildableIdentifier = "primary"
               BlueprintIdentifier = "95FA4FB623AC0C0F0086D7AD"
               BuildableName = "StoryKitTests.xctest"
               BlueprintName = "StoryKitTests"
               ReferencedContainer = "container:../../Features/StoryKit/StoryKit.xcodeproj">
            </BuildableReference>
         </TestableReference>
         <TestableReference
            skipped = "NO"
            testExecutionOrdering = "random">
            <BuildableReference
               BuildableIdentifier = "primary"
               BlueprintIdentifier = "95FA4F2723ABE75B0086D7AD"
               BuildableName = "TopStoriesKitTests.xctest"
               BlueprintName = "TopStoriesKitTests"
               ReferencedContainer = "container:../../Features/TopStoriesKit/TopStoriesKit.xcodeproj">
            </BuildableReference>
         </TestableReference>
         <TestableReference
            skipped = "NO"
            testExecutionOrdering = "random">
            <BuildableReference
               BuildableIdentifier = "primary"
               BlueprintIdentifier = "0FCE5CE4208A85C2001C8FFC"
               BuildableName = "SwiftKotlinationTests.xctest"
               BlueprintName = "SwiftKotlinationTests"
               ReferencedContainer = "container:SwiftKotlination.xcodeproj">
            </BuildableReference>
         </TestableReference>
         <TestableReference
            skipped = "NO"
            testExecutionOrdering = "random">
            <BuildableReference
               BuildableIdentifier = "primary"
               BlueprintIdentifier = "0FCE5CEF208A85C3001C8FFC"
               BuildableName = "SwiftKotlinationUITests.xctest"
               BlueprintName = "SwiftKotlinationUITests"
               ReferencedContainer = "container:SwiftKotlination.xcodeproj">
            </BuildableReference>
         </TestableReference>
      </Testables>
   </TestAction>
   <LaunchAction
      buildConfiguration = "Debug"
      selectedDebuggerIdentifier = "Xcode.DebuggerFoundation.Debugger.LLDB"
      selectedLauncherIdentifier = "Xcode.DebuggerFoundation.Launcher.LLDB"
      launchStyle = "0"
      useCustomWorkingDirectory = "NO"
      ignoresPersistentStateOnLaunch = "NO"
      debugDocumentVersioning = "YES"
      debugServiceExtension = "internal"
      allowLocationSimulation = "YES">
      <BuildableProductRunnable
         runnableDebuggingMode = "0">
         <BuildableReference
            BuildableIdentifier = "primary"
            BlueprintIdentifier = "0FCE5CD0208A85C1001C8FFC"
            BuildableName = "SwiftKotlination.app"
            BlueprintName = "SwiftKotlination"
            ReferencedContainer = "container:SwiftKotlination.xcodeproj">
         </BuildableReference>
      </BuildableProductRunnable>
   </LaunchAction>
   <ProfileAction
      buildConfiguration = "Release"
      shouldUseLaunchSchemeArgsEnv = "YES"
      savedToolIdentifier = ""
      useCustomWorkingDirectory = "NO"
      debugDocumentVersioning = "YES">
      <BuildableProductRunnable
         runnableDebuggingMode = "0">
         <BuildableReference
            BuildableIdentifier = "primary"
            BlueprintIdentifier = "0FCE5CD0208A85C1001C8FFC"
            BuildableName = "SwiftKotlination.app"
            BlueprintName = "SwiftKotlination"
            ReferencedContainer = "container:SwiftKotlination.xcodeproj">
         </BuildableReference>
      </BuildableProductRunnable>
   </ProfileAction>
   <AnalyzeAction
      buildConfiguration = "Debug">
   </AnalyzeAction>
   <ArchiveAction
      buildConfiguration = "Release"
      revealArchiveInOrganizer = "YES">
   </ArchiveAction>
</Scheme>
